// !$*UTF8*$!
{
	archiveVersion = 1;
	classes = {
	};
	objectVersion = 46;
	objects = {

/* Begin PBXBuildFile section */
		957A96DB19CA3EB4007EEB44 /* Foundation.framework in Frameworks */ = {isa = PBXBuildFile; fileRef = 957A96DA19CA3EB4007EEB44 /* Foundation.framework */; };
		957A96DD19CA3EB4007EEB44 /* CoreGraphics.framework in Frameworks */ = {isa = PBXBuildFile; fileRef = 957A96DC19CA3EB4007EEB44 /* CoreGraphics.framework */; };
		957A96DF19CA3EB4007EEB44 /* UIKit.framework in Frameworks */ = {isa = PBXBuildFile; fileRef = 957A96DE19CA3EB4007EEB44 /* UIKit.framework */; };
		957A96E519CA3EB4007EEB44 /* InfoPlist.strings in Resources */ = {isa = PBXBuildFile; fileRef = 957A96E319CA3EB4007EEB44 /* InfoPlist.strings */; };
		957A96E719CA3EB4007EEB44 /* main.m in Sources */ = {isa = PBXBuildFile; fileRef = 957A96E619CA3EB4007EEB44 /* main.m */; };
		957A96EB19CA3EB4007EEB44 /* AppDelegate.m in Sources */ = {isa = PBXBuildFile; fileRef = 957A96EA19CA3EB4007EEB44 /* AppDelegate.m */; };
		957A96EE19CA3EB4007EEB44 /* Main.storyboard in Resources */ = {isa = PBXBuildFile; fileRef = 957A96EC19CA3EB4007EEB44 /* Main.storyboard */; };
		957A96F119CA3EB4007EEB44 /* ViewController.m in Sources */ = {isa = PBXBuildFile; fileRef = 957A96F019CA3EB4007EEB44 /* ViewController.m */; };
		957A96F319CA3EB4007EEB44 /* Images.xcassets in Resources */ = {isa = PBXBuildFile; fileRef = 957A96F219CA3EB4007EEB44 /* Images.xcassets */; };
		957A96FA19CA3EB4007EEB44 /* XCTest.framework in Frameworks */ = {isa = PBXBuildFile; fileRef = 957A96F919CA3EB4007EEB44 /* XCTest.framework */; };
		957A96FB19CA3EB4007EEB44 /* Foundation.framework in Frameworks */ = {isa = PBXBuildFile; fileRef = 957A96DA19CA3EB4007EEB44 /* Foundation.framework */; };
		957A96FC19CA3EB4007EEB44 /* UIKit.framework in Frameworks */ = {isa = PBXBuildFile; fileRef = 957A96DE19CA3EB4007EEB44 /* UIKit.framework */; };
		957A970419CA3EB4007EEB44 /* InfoPlist.strings in Resources */ = {isa = PBXBuildFile; fileRef = 957A970219CA3EB4007EEB44 /* InfoPlist.strings */; };
		957A970619CA3EB4007EEB44 /* Tipos_de_VariablesTests.m in Sources */ = {isa = PBXBuildFile; fileRef = 957A970519CA3EB4007EEB44 /* Tipos_de_VariablesTests.m */; };
/* End PBXBuildFile section */

/* Begin PBXContainerItemProxy section */
		957A96FD19CA3EB4007EEB44 /* PBXContainerItemProxy */ = {
			isa = PBXContainerItemProxy;
			containerPortal = 957A96CF19CA3EB4007EEB44 /* Project object */;
			proxyType = 1;
			remoteGlobalIDString = 957A96D619CA3EB4007EEB44;
			remoteInfo = "Tipos de Variables";
		};
/* End PBXContainerItemProxy section */

/* Begin PBXFileReference section */
		957A96D719CA3EB4007EEB44 /* Tipos de Variables.app */ = {isa = PBXFileReference; explicitFileType = wrapper.application; includeInIndex = 0; path = "Tipos de Variables.app"; sourceTree = BUILT_PRODUCTS_DIR; };
		957A96DA19CA3EB4007EEB44 /* Foundation.framework */ = {isa = PBXFileReference; lastKnownFileType = wrapper.framework; name = Foundation.framework; path = System/Library/Frameworks/Foundation.framework; sourceTree = SDKROOT; };
		957A96DC19CA3EB4007EEB44 /* CoreGraphics.framework */ = {isa = PBXFileReference; lastKnownFileType = wrapper.framework; name = CoreGraphics.framework; path = System/Library/Frameworks/CoreGraphics.framework; sourceTree = SDKROOT; };
		957A96DE19CA3EB4007EEB44 /* UIKit.framework */ = {isa = PBXFileReference; lastKnownFileType = wrapper.framework; name = UIKit.framework; path = System/Library/Frameworks/UIKit.framework; sourceTree = SDKROOT; };
		957A96E219CA3EB4007EEB44 /* Tipos de Variables-Info.plist */ = {isa = PBXFileReference; lastKnownFileType = text.plist.xml; path = "Tipos de Variables-Info.plist"; sourceTree = "<group>"; };
		957A96E419CA3EB4007EEB44 /* en */ = {isa = PBXFileReference; lastKnownFileType = text.plist.strings; name = en; path = en.lproj/InfoPlist.strings; sourceTree = "<group>"; };
		957A96E619CA3EB4007EEB44 /* main.m */ = {isa = PBXFileReference; lastKnownFileType = sourcecode.c.objc; path = main.m; sourceTree = "<group>"; };
		957A96E819CA3EB4007EEB44 /* Tipos de Variables-Prefix.pch */ = {isa = PBXFileReference; lastKnownFileType = sourcecode.c.h; path = "Tipos de Variables-Prefix.pch"; sourceTree = "<group>"; };
		957A96E919CA3EB4007EEB44 /* AppDelegate.h */ = {isa = PBXFileReference; lastKnownFileType = sourcecode.c.h; path = AppDelegate.h; sourceTree = "<group>"; };
		957A96EA19CA3EB4007EEB44 /* AppDelegate.m */ = {isa = PBXFileReference; lastKnownFileType = sourcecode.c.objc; path = AppDelegate.m; sourceTree = "<group>"; };
		957A96ED19CA3EB4007EEB44 /* Base */ = {isa = PBXFileReference; lastKnownFileType = file.storyboard; name = Base; path = Base.lproj/Main.storyboard; sourceTree = "<group>"; };
		957A96EF19CA3EB4007EEB44 /* ViewController.h */ = {isa = PBXFileReference; lastKnownFileType = sourcecode.c.h; path = ViewController.h; sourceTree = "<group>"; };
		957A96F019CA3EB4007EEB44 /* ViewController.m */ = {isa = PBXFileReference; lastKnownFileType = sourcecode.c.objc; path = ViewController.m; sourceTree = "<group>"; };
		957A96F219CA3EB4007EEB44 /* Images.xcassets */ = {isa = PBXFileReference; lastKnownFileType = folder.assetcatalog; path = Images.xcassets; sourceTree = "<group>"; };
		957A96F819CA3EB4007EEB44 /* Tipos de VariablesTests.xctest */ = {isa = PBXFileReference; explicitFileType = wrapper.cfbundle; includeInIndex = 0; path = "Tipos de VariablesTests.xctest"; sourceTree = BUILT_PRODUCTS_DIR; };
		957A96F919CA3EB4007EEB44 /* XCTest.framework */ = {isa = PBXFileReference; lastKnownFileType = wrapper.framework; name = XCTest.framework; path = Library/Frameworks/XCTest.framework; sourceTree = DEVELOPER_DIR; };
		957A970119CA3EB4007EEB44 /* Tipos de VariablesTests-Info.plist */ = {isa = PBXFileReference; lastKnownFileType = text.plist.xml; path = "Tipos de VariablesTests-Info.plist"; sourceTree = "<group>"; };
		957A970319CA3EB4007EEB44 /* en */ = {isa = PBXFileReference; lastKnownFileType = text.plist.strings; name = en; path = en.lproj/InfoPlist.strings; sourceTree = "<group>"; };
		957A970519CA3EB4007EEB44 /* Tipos_de_VariablesTests.m */ = {isa = PBXFileReference; lastKnownFileType = sourcecode.c.objc; path = Tipos_de_VariablesTests.m; sourceTree = "<group>"; };
/* End PBXFileReference section */

/* Begin PBXFrameworksBuildPhase section */
		957A96D419CA3EB4007EEB44 /* Frameworks */ = {
			isa = PBXFrameworksBuildPhase;
			buildActionMask = 2147483647;
			files = (
				957A96DD19CA3EB4007EEB44 /* CoreGraphics.framework in Frameworks */,
				957A96DF19CA3EB4007EEB44 /* UIKit.framework in Frameworks */,
				957A96DB19CA3EB4007EEB44 /* Foundation.framework in Frameworks */,
			);
			runOnlyForDeploymentPostprocessing = 0;
		};
		957A96F519CA3EB4007EEB44 /* Frameworks */ = {
			isa = PBXFrameworksBuildPhase;
			buildActionMask = 2147483647;
			files = (
				957A96FA19CA3EB4007EEB44 /* XCTest.framework in Frameworks */,
				957A96FC19CA3EB4007EEB44 /* UIKit.framework in Frameworks */,
				957A96FB19CA3EB4007EEB44 /* Foundation.framework in Frameworks */,
			);
			runOnlyForDeploymentPostprocessing = 0;
		};
/* End PBXFrameworksBuildPhase section */

/* Begin PBXGroup section */
		957A96CE19CA3EB4007EEB44 = {
			isa = PBXGroup;
			children = (
				957A96E019CA3EB4007EEB44 /* Tipos de Variables */,
				957A96FF19CA3EB4007EEB44 /* Tipos de VariablesTests */,
				957A96D919CA3EB4007EEB44 /* Frameworks */,
				957A96D819CA3EB4007EEB44 /* Products */,
			);
			sourceTree = "<group>";
		};
		957A96D819CA3EB4007EEB44 /* Products */ = {
			isa = PBXGroup;
			children = (
				957A96D719CA3EB4007EEB44 /* Tipos de Variables.app */,
				957A96F819CA3EB4007EEB44 /* Tipos de VariablesTests.xctest */,
			);
			name = Products;
			sourceTree = "<group>";
		};
		957A96D919CA3EB4007EEB44 /* Frameworks */ = {
			isa = PBXGroup;
			children = (
				957A96DA19CA3EB4007EEB44 /* Foundation.framework */,
				957A96DC19CA3EB4007EEB44 /* CoreGraphics.framework */,
				957A96DE19CA3EB4007EEB44 /* UIKit.framework */,
				957A96F919CA3EB4007EEB44 /* XCTest.framework */,
			);
			name = Frameworks;
			sourceTree = "<group>";
		};
		957A96E019CA3EB4007EEB44 /* Tipos de Variables */ = {
			isa = PBXGroup;
			children = (
				957A96E919CA3EB4007EEB44 /* AppDelegate.h */,
				957A96EA19CA3EB4007EEB44 /* AppDelegate.m */,
				957A96EC19CA3EB4007EEB44 /* Main.storyboard */,
				957A96EF19CA3EB4007EEB44 /* ViewController.h */,
				957A96F019CA3EB4007EEB44 /* ViewController.m */,
				957A96F219CA3EB4007EEB44 /* Images.xcassets */,
				957A96E119CA3EB4007EEB44 /* Supporting Files */,
			);
			path = "Tipos de Variables";
			sourceTree = "<group>";
		};
		957A96E119CA3EB4007EEB44 /* Supporting Files */ = {
			isa = PBXGroup;
			children = (
				957A96E219CA3EB4007EEB44 /* Tipos de Variables-Info.plist */,
				957A96E319CA3EB4007EEB44 /* InfoPlist.strings */,
				957A96E619CA3EB4007EEB44 /* main.m */,
				957A96E819CA3EB4007EEB44 /* Tipos de Variables-Prefix.pch */,
			);
			name = "Supporting Files";
			sourceTree = "<group>";
		};
		957A96FF19CA3EB4007EEB44 /* Tipos de VariablesTests */ = {
			isa = PBXGroup;
			children = (
				957A970519CA3EB4007EEB44 /* Tipos_de_VariablesTests.m */,
				957A970019CA3EB4007EEB44 /* Supporting Files */,
			);
			path = "Tipos de VariablesTests";
			sourceTree = "<group>";
		};
		957A970019CA3EB4007EEB44 /* Supporting Files */ = {
			isa = PBXGroup;
			children = (
				957A970119CA3EB4007EEB44 /* Tipos de VariablesTests-Info.plist */,
				957A970219CA3EB4007EEB44 /* InfoPlist.strings */,
			);
			name = "Supporting Files";
			sourceTree = "<group>";
		};
/* End PBXGroup section */

/* Begin PBXNativeTarget section */
		957A96D619CA3EB4007EEB44 /* Tipos de Variables */ = {
			isa = PBXNativeTarget;
			buildConfigurationList = 957A970919CA3EB4007EEB44 /* Build configuration list for PBXNativeTarget "Tipos de Variables" */;
			buildPhases = (
				957A96D319CA3EB4007EEB44 /* Sources */,
				957A96D419CA3EB4007EEB44 /* Frameworks */,
				957A96D519CA3EB4007EEB44 /* Resources */,
			);
			buildRules = (
			);
			dependencies = (
			);
			name = "Tipos de Variables";
			productName = "Tipos de Variables";
			productReference = 957A96D719CA3EB4007EEB44 /* Tipos de Variables.app */;
			productType = "com.apple.product-type.application";
		};
		957A96F719CA3EB4007EEB44 /* Tipos de VariablesTests */ = {
			isa = PBXNativeTarget;
			buildConfigurationList = 957A970C19CA3EB4007EEB44 /* Build configuration list for PBXNativeTarget "Tipos de VariablesTests" */;
			buildPhases = (
				957A96F419CA3EB4007EEB44 /* Sources */,
				957A96F519CA3EB4007EEB44 /* Frameworks */,
				957A96F619CA3EB4007EEB44 /* Resources */,
			);
			buildRules = (
			);
			dependencies = (
				957A96FE19CA3EB4007EEB44 /* PBXTargetDependency */,
			);
			name = "Tipos de VariablesTests";
			productName = "Tipos de VariablesTests";
			productReference = 957A96F819CA3EB4007EEB44 /* Tipos de VariablesTests.xctest */;
			productType = "com.apple.product-type.bundle.unit-test";
		};
/* End PBXNativeTarget section */

/* Begin PBXProject section */
		957A96CF19CA3EB4007EEB44 /* Project object */ = {
			isa = PBXProject;
			attributes = {
				LastUpgradeCheck = 0510;
				ORGANIZATIONNAME = "Giovanny Suarez";
				TargetAttributes = {
					957A96F719CA3EB4007EEB44 = {
						TestTargetID = 957A96D619CA3EB4007EEB44;
					};
				};
			};
			buildConfigurationList = 957A96D219CA3EB4007EEB44 /* Build configuration list for PBXProject "Tipos de Variables" */;
			compatibilityVersion = "Xcode 3.2";
			developmentRegion = English;
			hasScannedForEncodings = 0;
			knownRegions = (
				en,
				Base,
			);
			mainGroup = 957A96CE19CA3EB4007EEB44;
			productRefGroup = 957A96D819CA3EB4007EEB44 /* Products */;
			projectDirPath = "";
			projectRoot = "";
			targets = (
				957A96D619CA3EB4007EEB44 /* Tipos de Variables */,
				957A96F719CA3EB4007EEB44 /* Tipos de VariablesTests */,
			);
		};
/* End PBXProject section */

/* Begin PBXResourcesBuildPhase section */
		957A96D519CA3EB4007EEB44 /* Resources */ = {
			isa = PBXResourcesBuildPhase;
			buildActionMask = 2147483647;
			files = (
				957A96F319CA3EB4007EEB44 /* Images.xcassets in Resources */,
				957A96E519CA3EB4007EEB44 /* InfoPlist.strings in Resources */,
				957A96EE19CA3EB4007EEB44 /* Main.storyboard in Resources */,
			);
			runOnlyForDeploymentPostprocessing = 0;
		};
		957A96F619CA3EB4007EEB44 /* Resources */ = {
			isa = PBXResourcesBuildPhase;
			buildActionMask = 2147483647;
			files = (
				957A970419CA3EB4007EEB44 /* InfoPlist.strings in Resources */,
			);
			runOnlyForDeploymentPostprocessing = 0;
		};
/* End PBXResourcesBuildPhase section */

/* Begin PBXSourcesBuildPhase section */
		957A96D319CA3EB4007EEB44 /* Sources */ = {
			isa = PBXSourcesBuildPhase;
			buildActionMask = 2147483647;
			files = (
				957A96F119CA3EB4007EEB44 /* ViewController.m in Sources */,
				957A96EB19CA3EB4007EEB44 /* AppDelegate.m in Sources */,
				957A96E719CA3EB4007EEB44 /* main.m in Sources */,
			);
			runOnlyForDeploymentPostprocessing = 0;
		};
		957A96F419CA3EB4007EEB44 /* Sources */ = {
			isa = PBXSourcesBuildPhase;
			buildActionMask = 2147483647;
			files = (
				957A970619CA3EB4007EEB44 /* Tipos_de_VariablesTests.m in Sources */,
			);
			runOnlyForDeploymentPostprocessing = 0;
		};
/* End PBXSourcesBuildPhase section */

/* Begin PBXTargetDependency section */
		957A96FE19CA3EB4007EEB44 /* PBXTargetDependency */ = {
			isa = PBXTargetDependency;
			target = 957A96D619CA3EB4007EEB44 /* Tipos de Variables */;
			targetProxy = 957A96FD19CA3EB4007EEB44 /* PBXContainerItemProxy */;
		};
/* End PBXTargetDependency section */

/* Begin PBXVariantGroup section */
		957A96E319CA3EB4007EEB44 /* InfoPlist.strings */ = {
			isa = PBXVariantGroup;
			children = (
				957A96E419CA3EB4007EEB44 /* en */,
			);
			name = InfoPlist.strings;
			sourceTree = "<group>";
		};
		957A96EC19CA3EB4007EEB44 /* Main.storyboard */ = {
			isa = PBXVariantGroup;
			children = (
				957A96ED19CA3EB4007EEB44 /* Base */,
			);
			name = Main.storyboard;
			sourceTree = "<group>";
		};
		957A970219CA3EB4007EEB44 /* InfoPlist.strings */ = {
			isa = PBXVariantGroup;
			children = (
				957A970319CA3EB4007EEB44 /* en */,
			);
			name = InfoPlist.strings;
			sourceTree = "<group>";
		};
/* End PBXVariantGroup section */

/* Begin XCBuildConfiguration section */
		957A970719CA3EB4007EEB44 /* Debug */ = {
			isa = XCBuildConfiguration;
			buildSettings = {
				ALWAYS_SEARCH_USER_PATHS = NO;
				CLANG_CXX_LANGUAGE_STANDARD = "gnu++0x";
				CLANG_CXX_LIBRARY = "libc++";
				CLANG_ENABLE_MODULES = YES;
				CLANG_ENABLE_OBJC_ARC = YES;
				CLANG_WARN_BOOL_CONVERSION = YES;
				CLANG_WARN_CONSTANT_CONVERSION = YES;
				CLANG_WARN_DIRECT_OBJC_ISA_USAGE = YES_ERROR;
				CLANG_WARN_EMPTY_BODY = YES;
				CLANG_WARN_ENUM_CONVERSION = YES;
				CLANG_WARN_INT_CONVERSION = YES;
				CLANG_WARN_OBJC_ROOT_CLASS = YES_ERROR;
				CLANG_WARN__DUPLICATE_METHOD_MATCH = YES;
				"CODE_SIGN_IDENTITY[sdk=iphoneos*]" = "iPhone Developer";
				COPY_PHASE_STRIP = NO;
				GCC_C_LANGUAGE_STANDARD = gnu99;
				GCC_DYNAMIC_NO_PIC = NO;
				GCC_OPTIMIZATION_LEVEL = 0;
				GCC_PREPROCESSOR_DEFINITIONS = (
					"DEBUG=1",
					"$(inherited)",
				);
				GCC_SYMBOLS_PRIVATE_EXTERN = NO;
				GCC_WARN_64_TO_32_BIT_CONVERSION = YES;
				GCC_WARN_ABOUT_RETURN_TYPE = YES_ERROR;
				GCC_WARN_UNDECLARED_SELECTOR = YES;
				GCC_WARN_UNINITIALIZED_AUTOS = YES_AGGRESSIVE;
				GCC_WARN_UNUSED_FUNCTION = YES;
				GCC_WARN_UNUSED_VARIABLE = YES;
				IPHONEOS_DEPLOYMENT_TARGET = 7.1;
				ONLY_ACTIVE_ARCH = YES;
				SDKROOT = iphoneos;
			};
			name = Debug;
		};
		957A970819CA3EB4007EEB44 /* Release */ = {
			isa = XCBuildConfiguration;
			buildSettings = {
				ALWAYS_SEARCH_USER_PATHS = NO;
				CLANG_CXX_LANGUAGE_STANDARD = "gnu++0x";
				CLANG_CXX_LIBRARY = "libc++";
				CLANG_ENABLE_MODULES = YES;
				CLANG_ENABLE_OBJC_ARC = YES;
				CLANG_WARN_BOOL_CONVERSION = YES;
				CLANG_WARN_CONSTANT_CONVERSION = YES;
				CLANG_WARN_DIRECT_OBJC_ISA_USAGE = YES_ERROR;
				CLANG_WARN_EMPTY_BODY = YES;
				CLANG_WARN_ENUM_CONVERSION = YES;
				CLANG_WARN_INT_CONVERSION = YES;
				CLANG_WARN_OBJC_ROOT_CLASS = YES_ERROR;
				CLANG_WARN__DUPLICATE_METHOD_MATCH = YES;
				"CODE_SIGN_IDENTITY[sdk=iphoneos*]" = "iPhone Developer";
				COPY_PHASE_STRIP = YES;
				ENABLE_NS_ASSERTIONS = NO;
				GCC_C_LANGUAGE_STANDARD = gnu99;
				GCC_WARN_64_TO_32_BIT_CONVERSION = YES;
				GCC_WARN_ABOUT_RETURN_TYPE = YES_ERROR;
				GCC_WARN_UNDECLARED_SELECTOR = YES;
				GCC_WARN_UNINITIALIZED_AUTOS = YES_AGGRESSIVE;
				GCC_WARN_UNUSED_FUNCTION = YES;
				GCC_WARN_UNUSED_VARIABLE = YES;
				IPHONEOS_DEPLOYMENT_TARGET = 7.1;
				SDKROOT = iphoneos;
				VALIDATE_PRODUCT = YES;
			};
			name = Release;
		};
		957A970A19CA3EB4007EEB44 /* Debug */ = {
			isa = XCBuildConfiguration;
			buildSettings = {
				ASSETCATALOG_COMPILER_APPICON_NAME = AppIcon;
				ASSETCATALOG_COMPILER_LAUNCHIMAGE_NAME = LaunchImage;
				GCC_PRECOMPILE_PREFIX_HEADER = YES;
				GCC_PREFIX_HEADER = "Tipos de Variables/Tipos de Variables-Prefix.pch";
				INFOPLIST_FILE = "Tipos de Variables/Tipos de Variables-Info.plist";
				PRODUCT_NAME = "$(TARGET_NAME)";
				WRAPPER_EXTENSION = app;
			};
			name = Debug;
		};
		957A970B19CA3EB4007EEB44 /* Release */ = {
			isa = XCBuildConfiguration;
			buildSettings = {
				ASSETCATALOG_COMPILER_APPICON_NAME = AppIcon;
				ASSETCATALOG_COMPILER_LAUNCHIMAGE_NAME = LaunchImage;
				GCC_PRECOMPILE_PREFIX_HEADER = YES;
				GCC_PREFIX_HEADER = "Tipos de Variables/Tipos de Variables-Prefix.pch";
				INFOPLIST_FILE = "Tipos de Variables/Tipos de Variables-Info.plist";
				PRODUCT_NAME = "$(TARGET_NAME)";
				WRAPPER_EXTENSION = app;
			};
			name = Release;
		};
		957A970D19CA3EB4007EEB44 /* Debug */ = {
			isa = XCBuildConfiguration;
			buildSettings = {
				BUNDLE_LOADER = "$(BUILT_PRODUCTS_DIR)/Tipos de Variables.app/Tipos de Variables";
				FRAMEWORK_SEARCH_PATHS = (
					"$(SDKROOT)/Developer/Library/Frameworks",
					"$(inherited)",
					"$(DEVELOPER_FRAMEWORKS_DIR)",
				);
				GCC_PRECOMPILE_PREFIX_HEADER = YES;
				GCC_PREFIX_HEADER = "Tipos de Variables/Tipos de Variables-Prefix.pch";
				GCC_PREPROCESSOR_DEFINITIONS = (
					"DEBUG=1",
					"$(inherited)",
				);
				INFOPLIST_FILE = "Tipos de VariablesTests/Tipos de VariablesTests-Info.plist";
				PRODUCT_NAME = "$(TARGET_NAME)";
				TEST_HOST = "$(BUNDLE_LOADER)";
				WRAPPER_EXTENSION = xctest;
			};
			name = Debug;
		};
		957A970E19CA3EB4007EEB44 /* Release */ = {
			isa = XCBuildConfiguration;
			buildSettings = {
				BUNDLE_LOADER = "$(BUILT_PRODUCTS_DIR)/Tipos de Variables.app/Tipos de Variables";
				FRAMEWORK_SEARCH_PATHS = (
					"$(SDKROOT)/Developer/Library/Frameworks",
					"$(inherited)",
					"$(DEVELOPER_FRAMEWORKS_DIR)",
				);
				GCC_PRECOMPILE_PREFIX_HEADER = YES;
				GCC_PREFIX_HEADER = "Tipos de Variables/Tipos de Variables-Prefix.pch";
				INFOPLIST_FILE = "Tipos de VariablesTests/Tipos de VariablesTests-Info.plist";
				PRODUCT_NAME = "$(TARGET_NAME)";
				TEST_HOST = "$(BUNDLE_LOADER)";
				WRAPPER_EXTENSION = xctest;
			};
			name = Release;
		};
/* End XCBuildConfiguration section */

/* Begin XCConfigurationList section */
		957A96D219CA3EB4007EEB44 /* Build configuration list for PBXProject "Tipos de Variables" */ = {
			isa = XCConfigurationList;
			buildConfigurations = (
				957A970719CA3EB4007EEB44 /* Debug */,
				957A970819CA3EB4007EEB44 /* Release */,
			);
			defaultConfigurationIsVisible = 0;
			defaultConfigurationName = Release;
		};
		957A970919CA3EB4007EEB44 /* Build configuration list for PBXNativeTarget "Tipos de Variables" */ = {
			isa = XCConfigurationList;
			buildConfigurations = (
				957A970A19CA3EB4007EEB44 /* Debug */,
				957A970B19CA3EB4007EEB44 /* Release */,
			);
			defaultConfigurationIsVisible = 0;
		};
		957A970C19CA3EB4007EEB44 /* Build configuration list for PBXNativeTarget "Tipos de VariablesTests" */ = {
			isa = XCConfigurationList;
			buildConfigurations = (
				957A970D19CA3EB4007EEB44 /* Debug */,
				957A970E19CA3EB4007EEB44 /* Release */,
			);
			defaultConfigurationIsVisible = 0;
		};
/* End XCConfigurationList section */
	};
	rootObject = 957A96CF19CA3EB4007EEB44 /* Project object */;
}
