// !$*UTF8*$!
{
	archiveVersion = 1;
	classes = {
	};
	objectVersion = 46;
	objects = {

/* Begin PBXBuildFile section */
		F8440B2119DF77E000880791 /* formulario.pdf in Resources */ = {isa = PBXBuildFile; fileRef = F8440B2019DF77E000880791 /* formulario.pdf */; };
		F854711E19DF66E30038100E /* main.m in Sources */ = {isa = PBXBuildFile; fileRef = F854711D19DF66E30038100E /* main.m */; };
		F854712119DF66E30038100E /* AppDelegate.m in Sources */ = {isa = PBXBuildFile; fileRef = F854712019DF66E30038100E /* AppDelegate.m */; };
		F854712419DF66E30038100E /* ViewController.m in Sources */ = {isa = PBXBuildFile; fileRef = F854712319DF66E30038100E /* ViewController.m */; };
		F854712719DF66E30038100E /* Main.storyboard in Resources */ = {isa = PBXBuildFile; fileRef = F854712519DF66E30038100E /* Main.storyboard */; };
		F854712919DF66E30038100E /* Images.xcassets in Resources */ = {isa = PBXBuildFile; fileRef = F854712819DF66E30038100E /* Images.xcassets */; };
		F854712C19DF66E30038100E /* LaunchScreen.xib in Resources */ = {isa = PBXBuildFile; fileRef = F854712A19DF66E30038100E /* LaunchScreen.xib */; };
		F854713819DF66E30038100E /* Navegador_WebTests.m in Sources */ = {isa = PBXBuildFile; fileRef = F854713719DF66E30038100E /* Navegador_WebTests.m */; };
/* End PBXBuildFile section */

/* Begin PBXContainerItemProxy section */
		F854713219DF66E30038100E /* PBXContainerItemProxy */ = {
			isa = PBXContainerItemProxy;
			containerPortal = F854711019DF66E20038100E /* Project object */;
			proxyType = 1;
			remoteGlobalIDString = F854711719DF66E20038100E;
			remoteInfo = "Navegador Web";
		};
/* End PBXContainerItemProxy section */

/* Begin PBXFileReference section */
		F8440B2019DF77E000880791 /* formulario.pdf */ = {isa = PBXFileReference; lastKnownFileType = image.pdf; path = formulario.pdf; sourceTree = "<group>"; };
		F854711819DF66E30038100E /* Navegador Web.app */ = {isa = PBXFileReference; explicitFileType = wrapper.application; includeInIndex = 0; path = "Navegador Web.app"; sourceTree = BUILT_PRODUCTS_DIR; };
		F854711C19DF66E30038100E /* Info.plist */ = {isa = PBXFileReference; lastKnownFileType = text.plist.xml; path = Info.plist; sourceTree = "<group>"; };
		F854711D19DF66E30038100E /* main.m */ = {isa = PBXFileReference; lastKnownFileType = sourcecode.c.objc; path = main.m; sourceTree = "<group>"; };
		F854711F19DF66E30038100E /* AppDelegate.h */ = {isa = PBXFileReference; lastKnownFileType = sourcecode.c.h; path = AppDelegate.h; sourceTree = "<group>"; };
		F854712019DF66E30038100E /* AppDelegate.m */ = {isa = PBXFileReference; lastKnownFileType = sourcecode.c.objc; path = AppDelegate.m; sourceTree = "<group>"; };
		F854712219DF66E30038100E /* ViewController.h */ = {isa = PBXFileReference; lastKnownFileType = sourcecode.c.h; path = ViewController.h; sourceTree = "<group>"; };
		F854712319DF66E30038100E /* ViewController.m */ = {isa = PBXFileReference; lastKnownFileType = sourcecode.c.objc; path = ViewController.m; sourceTree = "<group>"; };
		F854712619DF66E30038100E /* Base */ = {isa = PBXFileReference; lastKnownFileType = file.storyboard; name = Base; path = Base.lproj/Main.storyboard; sourceTree = "<group>"; };
		F854712819DF66E30038100E /* Images.xcassets */ = {isa = PBXFileReference; lastKnownFileType = folder.assetcatalog; path = Images.xcassets; sourceTree = "<group>"; };
		F854712B19DF66E30038100E /* Base */ = {isa = PBXFileReference; lastKnownFileType = file.xib; name = Base; path = Base.lproj/LaunchScreen.xib; sourceTree = "<group>"; };
		F854713119DF66E30038100E /* Navegador WebTests.xctest */ = {isa = PBXFileReference; explicitFileType = wrapper.cfbundle; includeInIndex = 0; path = "Navegador WebTests.xctest"; sourceTree = BUILT_PRODUCTS_DIR; };
		F854713619DF66E30038100E /* Info.plist */ = {isa = PBXFileReference; lastKnownFileType = text.plist.xml; path = Info.plist; sourceTree = "<group>"; };
		F854713719DF66E30038100E /* Navegador_WebTests.m */ = {isa = PBXFileReference; lastKnownFileType = sourcecode.c.objc; path = Navegador_WebTests.m; sourceTree = "<group>"; };
/* End PBXFileReference section */

/* Begin PBXFrameworksBuildPhase section */
		F854711519DF66E20038100E /* Frameworks */ = {
			isa = PBXFrameworksBuildPhase;
			buildActionMask = 2147483647;
			files = (
			);
			runOnlyForDeploymentPostprocessing = 0;
		};
		F854712E19DF66E30038100E /* Frameworks */ = {
			isa = PBXFrameworksBuildPhase;
			buildActionMask = 2147483647;
			files = (
			);
			runOnlyForDeploymentPostprocessing = 0;
		};
/* End PBXFrameworksBuildPhase section */

/* Begin PBXGroup section */
		F854710F19DF66E20038100E = {
			isa = PBXGroup;
			children = (
				F8440B2019DF77E000880791 /* formulario.pdf */,
				F854711A19DF66E30038100E /* Navegador Web */,
				F854713419DF66E30038100E /* Navegador WebTests */,
				F854711919DF66E30038100E /* Products */,
			);
			sourceTree = "<group>";
		};
		F854711919DF66E30038100E /* Products */ = {
			isa = PBXGroup;
			children = (
				F854711819DF66E30038100E /* Navegador Web.app */,
				F854713119DF66E30038100E /* Navegador WebTests.xctest */,
			);
			name = Products;
			sourceTree = "<group>";
		};
		F854711A19DF66E30038100E /* Navegador Web */ = {
			isa = PBXGroup;
			children = (
				F854711F19DF66E30038100E /* AppDelegate.h */,
				F854712019DF66E30038100E /* AppDelegate.m */,
				F854712219DF66E30038100E /* ViewController.h */,
				F854712319DF66E30038100E /* ViewController.m */,
				F854712519DF66E30038100E /* Main.storyboard */,
				F854712819DF66E30038100E /* Images.xcassets */,
				F854712A19DF66E30038100E /* LaunchScreen.xib */,
				F854711B19DF66E30038100E /* Supporting Files */,
			);
			path = "Navegador Web";
			sourceTree = "<group>";
		};
		F854711B19DF66E30038100E /* Supporting Files */ = {
			isa = PBXGroup;
			children = (
				F854711C19DF66E30038100E /* Info.plist */,
				F854711D19DF66E30038100E /* main.m */,
			);
			name = "Supporting Files";
			sourceTree = "<group>";
		};
		F854713419DF66E30038100E /* Navegador WebTests */ = {
			isa = PBXGroup;
			children = (
				F854713719DF66E30038100E /* Navegador_WebTests.m */,
				F854713519DF66E30038100E /* Supporting Files */,
			);
			path = "Navegador WebTests";
			sourceTree = "<group>";
		};
		F854713519DF66E30038100E /* Supporting Files */ = {
			isa = PBXGroup;
			children = (
				F854713619DF66E30038100E /* Info.plist */,
			);
			name = "Supporting Files";
			sourceTree = "<group>";
		};
/* End PBXGroup section */

/* Begin PBXNativeTarget section */
		F854711719DF66E20038100E /* Navegador Web */ = {
			isa = PBXNativeTarget;
			buildConfigurationList = F854713B19DF66E30038100E /* Build configuration list for PBXNativeTarget "Navegador Web" */;
			buildPhases = (
				F854711419DF66E20038100E /* Sources */,
				F854711519DF66E20038100E /* Frameworks */,
				F854711619DF66E20038100E /* Resources */,
			);
			buildRules = (
			);
			dependencies = (
			);
			name = "Navegador Web";
			productName = "Navegador Web";
			productReference = F854711819DF66E30038100E /* Navegador Web.app */;
			productType = "com.apple.product-type.application";
		};
		F854713019DF66E30038100E /* Navegador WebTests */ = {
			isa = PBXNativeTarget;
			buildConfigurationList = F854713E19DF66E30038100E /* Build configuration list for PBXNativeTarget "Navegador WebTests" */;
			buildPhases = (
				F854712D19DF66E30038100E /* Sources */,
				F854712E19DF66E30038100E /* Frameworks */,
				F854712F19DF66E30038100E /* Resources */,
			);
			buildRules = (
			);
			dependencies = (
				F854713319DF66E30038100E /* PBXTargetDependency */,
			);
			name = "Navegador WebTests";
			productName = "Navegador WebTests";
			productReference = F854713119DF66E30038100E /* Navegador WebTests.xctest */;
			productType = "com.apple.product-type.bundle.unit-test";
		};
/* End PBXNativeTarget section */

/* Begin PBXProject section */
		F854711019DF66E20038100E /* Project object */ = {
			isa = PBXProject;
			attributes = {
				LastUpgradeCheck = 0610;
				ORGANIZATIONNAME = Profesor;
				TargetAttributes = {
					F854711719DF66E20038100E = {
						CreatedOnToolsVersion = 6.1;
					};
					F854713019DF66E30038100E = {
						CreatedOnToolsVersion = 6.1;
						TestTargetID = F854711719DF66E20038100E;
					};
				};
			};
			buildConfigurationList = F854711319DF66E20038100E /* Build configuration list for PBXProject "Navegador Web" */;
			compatibilityVersion = "Xcode 3.2";
			developmentRegion = English;
			hasScannedForEncodings = 0;
			knownRegions = (
				en,
				Base,
			);
			mainGroup = F854710F19DF66E20038100E;
			productRefGroup = F854711919DF66E30038100E /* Products */;
			projectDirPath = "";
			projectRoot = "";
			targets = (
				F854711719DF66E20038100E /* Navegador Web */,
				F854713019DF66E30038100E /* Navegador WebTests */,
			);
		};
/* End PBXProject section */

/* Begin PBXResourcesBuildPhase section */
		F854711619DF66E20038100E /* Resources */ = {
			isa = PBXResourcesBuildPhase;
			buildActionMask = 2147483647;
			files = (
				F854712719DF66E30038100E /* Main.storyboard in Resources */,
				F854712C19DF66E30038100E /* LaunchScreen.xib in Resources */,
				F8440B2119DF77E000880791 /* formulario.pdf in Resources */,
				F854712919DF66E30038100E /* Images.xcassets in Resources */,
			);
			runOnlyForDeploymentPostprocessing = 0;
		};
		F854712F19DF66E30038100E /* Resources */ = {
			isa = PBXResourcesBuildPhase;
			buildActionMask = 2147483647;
			files = (
			);
			runOnlyForDeploymentPostprocessing = 0;
		};
/* End PBXResourcesBuildPhase section */

/* Begin PBXSourcesBuildPhase section */
		F854711419DF66E20038100E /* Sources */ = {
			isa = PBXSourcesBuildPhase;
			buildActionMask = 2147483647;
			files = (
				F854712419DF66E30038100E /* ViewController.m in Sources */,
				F854712119DF66E30038100E /* AppDelegate.m in Sources */,
				F854711E19DF66E30038100E /* main.m in Sources */,
			);
			runOnlyForDeploymentPostprocessing = 0;
		};
		F854712D19DF66E30038100E /* Sources */ = {
			isa = PBXSourcesBuildPhase;
			buildActionMask = 2147483647;
			files = (
				F854713819DF66E30038100E /* Navegador_WebTests.m in Sources */,
			);
			runOnlyForDeploymentPostprocessing = 0;
		};
/* End PBXSourcesBuildPhase section */

/* Begin PBXTargetDependency section */
		F854713319DF66E30038100E /* PBXTargetDependency */ = {
			isa = PBXTargetDependency;
			target = F854711719DF66E20038100E /* Navegador Web */;
			targetProxy = F854713219DF66E30038100E /* PBXContainerItemProxy */;
		};
/* End PBXTargetDependency section */

/* Begin PBXVariantGroup section */
		F854712519DF66E30038100E /* Main.storyboard */ = {
			isa = PBXVariantGroup;
			children = (
				F854712619DF66E30038100E /* Base */,
			);
			name = Main.storyboard;
			sourceTree = "<group>";
		};
		F854712A19DF66E30038100E /* LaunchScreen.xib */ = {
			isa = PBXVariantGroup;
			children = (
				F854712B19DF66E30038100E /* Base */,
			);
			name = LaunchScreen.xib;
			sourceTree = "<group>";
		};
/* End PBXVariantGroup section */

/* Begin XCBuildConfiguration section */
		F854713919DF66E30038100E /* Debug */ = {
			isa = XCBuildConfiguration;
			buildSettings = {
				ALWAYS_SEARCH_USER_PATHS = NO;
				CLANG_CXX_LANGUAGE_STANDARD = "gnu++0x";
				CLANG_CXX_LIBRARY = "libc++";
				CLANG_ENABLE_MODULES = YES;
				CLANG_ENABLE_OBJC_ARC = YES;
				CLANG_WARN_BOOL_CONVERSION = YES;
				CLANG_WARN_CONSTANT_CONVERSION = YES;
				CLANG_WARN_DIRECT_OBJC_ISA_USAGE = YES_ERROR;
				CLANG_WARN_EMPTY_BODY = YES;
				CLANG_WARN_ENUM_CONVERSION = YES;
				CLANG_WARN_INT_CONVERSION = YES;
				CLANG_WARN_OBJC_ROOT_CLASS = YES_ERROR;
				CLANG_WARN_UNREACHABLE_CODE = YES;
				CLANG_WARN__DUPLICATE_METHOD_MATCH = YES;
				"CODE_SIGN_IDENTITY[sdk=iphoneos*]" = "iPhone Developer";
				COPY_PHASE_STRIP = NO;
				ENABLE_STRICT_OBJC_MSGSEND = YES;
				GCC_C_LANGUAGE_STANDARD = gnu99;
				GCC_DYNAMIC_NO_PIC = NO;
				GCC_OPTIMIZATION_LEVEL = 0;
				GCC_PREPROCESSOR_DEFINITIONS = (
					"DEBUG=1",
					"$(inherited)",
				);
				GCC_SYMBOLS_PRIVATE_EXTERN = NO;
				GCC_WARN_64_TO_32_BIT_CONVERSION = YES;
				GCC_WARN_ABOUT_RETURN_TYPE = YES_ERROR;
				GCC_WARN_UNDECLARED_SELECTOR = YES;
				GCC_WARN_UNINITIALIZED_AUTOS = YES_AGGRESSIVE;
				GCC_WARN_UNUSED_FUNCTION = YES;
				GCC_WARN_UNUSED_VARIABLE = YES;
				IPHONEOS_DEPLOYMENT_TARGET = 8.1;
				MTL_ENABLE_DEBUG_INFO = YES;
				ONLY_ACTIVE_ARCH = YES;
				SDKROOT = iphoneos;
			};
			name = Debug;
		};
		F854713A19DF66E30038100E /* Release */ = {
			isa = XCBuildConfiguration;
			buildSettings = {
				ALWAYS_SEARCH_USER_PATHS = NO;
				CLANG_CXX_LANGUAGE_STANDARD = "gnu++0x";
				CLANG_CXX_LIBRARY = "libc++";
				CLANG_ENABLE_MODULES = YES;
				CLANG_ENABLE_OBJC_ARC = YES;
				CLANG_WARN_BOOL_CONVERSION = YES;
				CLANG_WARN_CONSTANT_CONVERSION = YES;
				CLANG_WARN_DIRECT_OBJC_ISA_USAGE = YES_ERROR;
				CLANG_WARN_EMPTY_BODY = YES;
				CLANG_WARN_ENUM_CONVERSION = YES;
				CLANG_WARN_INT_CONVERSION = YES;
				CLANG_WARN_OBJC_ROOT_CLASS = YES_ERROR;
				CLANG_WARN_UNREACHABLE_CODE = YES;
				CLANG_WARN__DUPLICATE_METHOD_MATCH = YES;
				"CODE_SIGN_IDENTITY[sdk=iphoneos*]" = "iPhone Developer";
				COPY_PHASE_STRIP = YES;
				ENABLE_NS_ASSERTIONS = NO;
				ENABLE_STRICT_OBJC_MSGSEND = YES;
				GCC_C_LANGUAGE_STANDARD = gnu99;
				GCC_WARN_64_TO_32_BIT_CONVERSION = YES;
				GCC_WARN_ABOUT_RETURN_TYPE = YES_ERROR;
				GCC_WARN_UNDECLARED_SELECTOR = YES;
				GCC_WARN_UNINITIALIZED_AUTOS = YES_AGGRESSIVE;
				GCC_WARN_UNUSED_FUNCTION = YES;
				GCC_WARN_UNUSED_VARIABLE = YES;
				IPHONEOS_DEPLOYMENT_TARGET = 8.1;
				MTL_ENABLE_DEBUG_INFO = NO;
				SDKROOT = iphoneos;
				VALIDATE_PRODUCT = YES;
			};
			name = Release;
		};
		F854713C19DF66E30038100E /* Debug */ = {
			isa = XCBuildConfiguration;
			buildSettings = {
				ASSETCATALOG_COMPILER_APPICON_NAME = AppIcon;
				INFOPLIST_FILE = "Navegador Web/Info.plist";
				IPHONEOS_DEPLOYMENT_TARGET = 7.1;
				LD_RUNPATH_SEARCH_PATHS = "$(inherited) @executable_path/Frameworks";
				PRODUCT_NAME = "$(TARGET_NAME)";
			};
			name = Debug;
		};
		F854713D19DF66E30038100E /* Release */ = {
			isa = XCBuildConfiguration;
			buildSettings = {
				ASSETCATALOG_COMPILER_APPICON_NAME = AppIcon;
				INFOPLIST_FILE = "Navegador Web/Info.plist";
				IPHONEOS_DEPLOYMENT_TARGET = 7.1;
				LD_RUNPATH_SEARCH_PATHS = "$(inherited) @executable_path/Frameworks";
				PRODUCT_NAME = "$(TARGET_NAME)";
			};
			name = Release;
		};
		F854713F19DF66E30038100E /* Debug */ = {
			isa = XCBuildConfiguration;
			buildSettings = {
				BUNDLE_LOADER = "$(TEST_HOST)";
				FRAMEWORK_SEARCH_PATHS = (
					"$(SDKROOT)/Developer/Library/Frameworks",
					"$(inherited)",
				);
				GCC_PREPROCESSOR_DEFINITIONS = (
					"DEBUG=1",
					"$(inherited)",
				);
				INFOPLIST_FILE = "Navegador WebTests/Info.plist";
				LD_RUNPATH_SEARCH_PATHS = "$(inherited) @executable_path/Frameworks @loader_path/Frameworks";
				PRODUCT_NAME = "$(TARGET_NAME)";
				TEST_HOST = "$(BUILT_PRODUCTS_DIR)/Navegador Web.app/Navegador Web";
			};
			name = Debug;
		};
		F854714019DF66E30038100E /* Release */ = {
			isa = XCBuildConfiguration;
			buildSettings = {
				BUNDLE_LOADER = "$(TEST_HOST)";
				FRAMEWORK_SEARCH_PATHS = (
					"$(SDKROOT)/Developer/Library/Frameworks",
					"$(inherited)",
				);
				INFOPLIST_FILE = "Navegador WebTests/Info.plist";
				LD_RUNPATH_SEARCH_PATHS = "$(inherited) @executable_path/Frameworks @loader_path/Frameworks";
				PRODUCT_NAME = "$(TARGET_NAME)";
				TEST_HOST = "$(BUILT_PRODUCTS_DIR)/Navegador Web.app/Navegador Web";
			};
			name = Release;
		};
/* End XCBuildConfiguration section */

/* Begin XCConfigurationList section */
		F854711319DF66E20038100E /* Build configuration list for PBXProject "Navegador Web" */ = {
			isa = XCConfigurationList;
			buildConfigurations = (
				F854713919DF66E30038100E /* Debug */,
				F854713A19DF66E30038100E /* Release */,
			);
			defaultConfigurationIsVisible = 0;
			defaultConfigurationName = Release;
		};
		F854713B19DF66E30038100E /* Build configuration list for PBXNativeTarget "Navegador Web" */ = {
			isa = XCConfigurationList;
			buildConfigurations = (
				F854713C19DF66E30038100E /* Debug */,
				F854713D19DF66E30038100E /* Release */,
			);
			defaultConfigurationIsVisible = 0;
			defaultConfigurationName = Release;
		};
		F854713E19DF66E30038100E /* Build configuration list for PBXNativeTarget "Navegador WebTests" */ = {
			isa = XCConfigurationList;
			buildConfigurations = (
				F854713F19DF66E30038100E /* Debug */,
				F854714019DF66E30038100E /* Release */,
			);
			defaultConfigurationIsVisible = 0;
			defaultConfigurationName = Release;
		};
/* End XCConfigurationList section */
	};
	rootObject = F854711019DF66E20038100E /* Project object */;
}
