// !$*UTF8*$!
{
	archiveVersion = 1;
	classes = {
	};
	objectVersion = 46;
	objects = {

/* Begin PBXBuildFile section */
		F80C3DB819DF7B0D00C160B5 /* main.m in Sources */ = {isa = PBXBuildFile; fileRef = F80C3DB719DF7B0D00C160B5 /* main.m */; };
		F80C3DBB19DF7B0D00C160B5 /* AppDelegate.m in Sources */ = {isa = PBXBuildFile; fileRef = F80C3DBA19DF7B0D00C160B5 /* AppDelegate.m */; };
		F80C3DBE19DF7B0D00C160B5 /* ViewController.m in Sources */ = {isa = PBXBuildFile; fileRef = F80C3DBD19DF7B0D00C160B5 /* ViewController.m */; };
		F80C3DC119DF7B0D00C160B5 /* Main.storyboard in Resources */ = {isa = PBXBuildFile; fileRef = F80C3DBF19DF7B0D00C160B5 /* Main.storyboard */; };
		F80C3DC319DF7B0D00C160B5 /* Images.xcassets in Resources */ = {isa = PBXBuildFile; fileRef = F80C3DC219DF7B0D00C160B5 /* Images.xcassets */; };
		F80C3DC619DF7B0D00C160B5 /* LaunchScreen.xib in Resources */ = {isa = PBXBuildFile; fileRef = F80C3DC419DF7B0D00C160B5 /* LaunchScreen.xib */; };
		F80C3DD219DF7B0D00C160B5 /* iPaintTests.m in Sources */ = {isa = PBXBuildFile; fileRef = F80C3DD119DF7B0D00C160B5 /* iPaintTests.m */; };
		F80C3DDE19DF7E9700C160B5 /* UIColor+Random.m in Sources */ = {isa = PBXBuildFile; fileRef = F80C3DDD19DF7E9700C160B5 /* UIColor+Random.m */; };
		F80C3DE119DF82C300C160B5 /* PintorView.m in Sources */ = {isa = PBXBuildFile; fileRef = F80C3DE019DF82C300C160B5 /* PintorView.m */; };
/* End PBXBuildFile section */

/* Begin PBXContainerItemProxy section */
		F80C3DCC19DF7B0D00C160B5 /* PBXContainerItemProxy */ = {
			isa = PBXContainerItemProxy;
			containerPortal = F80C3DAA19DF7B0D00C160B5 /* Project object */;
			proxyType = 1;
			remoteGlobalIDString = F80C3DB119DF7B0D00C160B5;
			remoteInfo = iPaint;
		};
/* End PBXContainerItemProxy section */

/* Begin PBXFileReference section */
		F80C3DB219DF7B0D00C160B5 /* iPaint.app */ = {isa = PBXFileReference; explicitFileType = wrapper.application; includeInIndex = 0; path = iPaint.app; sourceTree = BUILT_PRODUCTS_DIR; };
		F80C3DB619DF7B0D00C160B5 /* Info.plist */ = {isa = PBXFileReference; lastKnownFileType = text.plist.xml; path = Info.plist; sourceTree = "<group>"; };
		F80C3DB719DF7B0D00C160B5 /* main.m */ = {isa = PBXFileReference; lastKnownFileType = sourcecode.c.objc; path = main.m; sourceTree = "<group>"; };
		F80C3DB919DF7B0D00C160B5 /* AppDelegate.h */ = {isa = PBXFileReference; lastKnownFileType = sourcecode.c.h; path = AppDelegate.h; sourceTree = "<group>"; };
		F80C3DBA19DF7B0D00C160B5 /* AppDelegate.m */ = {isa = PBXFileReference; lastKnownFileType = sourcecode.c.objc; path = AppDelegate.m; sourceTree = "<group>"; };
		F80C3DBC19DF7B0D00C160B5 /* ViewController.h */ = {isa = PBXFileReference; lastKnownFileType = sourcecode.c.h; path = ViewController.h; sourceTree = "<group>"; };
		F80C3DBD19DF7B0D00C160B5 /* ViewController.m */ = {isa = PBXFileReference; lastKnownFileType = sourcecode.c.objc; path = ViewController.m; sourceTree = "<group>"; };
		F80C3DC019DF7B0D00C160B5 /* Base */ = {isa = PBXFileReference; lastKnownFileType = file.storyboard; name = Base; path = Base.lproj/Main.storyboard; sourceTree = "<group>"; };
		F80C3DC219DF7B0D00C160B5 /* Images.xcassets */ = {isa = PBXFileReference; lastKnownFileType = folder.assetcatalog; path = Images.xcassets; sourceTree = "<group>"; };
		F80C3DC519DF7B0D00C160B5 /* Base */ = {isa = PBXFileReference; lastKnownFileType = file.xib; name = Base; path = Base.lproj/LaunchScreen.xib; sourceTree = "<group>"; };
		F80C3DCB19DF7B0D00C160B5 /* iPaintTests.xctest */ = {isa = PBXFileReference; explicitFileType = wrapper.cfbundle; includeInIndex = 0; path = iPaintTests.xctest; sourceTree = BUILT_PRODUCTS_DIR; };
		F80C3DD019DF7B0D00C160B5 /* Info.plist */ = {isa = PBXFileReference; lastKnownFileType = text.plist.xml; path = Info.plist; sourceTree = "<group>"; };
		F80C3DD119DF7B0D00C160B5 /* iPaintTests.m */ = {isa = PBXFileReference; lastKnownFileType = sourcecode.c.objc; path = iPaintTests.m; sourceTree = "<group>"; };
		F80C3DDB19DF7C9C00C160B5 /* Constants.h */ = {isa = PBXFileReference; lastKnownFileType = sourcecode.c.h; path = Constants.h; sourceTree = "<group>"; };
		F80C3DDC19DF7E9700C160B5 /* UIColor+Random.h */ = {isa = PBXFileReference; fileEncoding = 4; lastKnownFileType = sourcecode.c.h; path = "UIColor+Random.h"; sourceTree = "<group>"; };
		F80C3DDD19DF7E9700C160B5 /* UIColor+Random.m */ = {isa = PBXFileReference; fileEncoding = 4; lastKnownFileType = sourcecode.c.objc; path = "UIColor+Random.m"; sourceTree = "<group>"; };
		F80C3DDF19DF82C300C160B5 /* PintorView.h */ = {isa = PBXFileReference; fileEncoding = 4; lastKnownFileType = sourcecode.c.h; path = PintorView.h; sourceTree = "<group>"; };
		F80C3DE019DF82C300C160B5 /* PintorView.m */ = {isa = PBXFileReference; fileEncoding = 4; lastKnownFileType = sourcecode.c.objc; path = PintorView.m; sourceTree = "<group>"; };
/* End PBXFileReference section */

/* Begin PBXFrameworksBuildPhase section */
		F80C3DAF19DF7B0D00C160B5 /* Frameworks */ = {
			isa = PBXFrameworksBuildPhase;
			buildActionMask = 2147483647;
			files = (
			);
			runOnlyForDeploymentPostprocessing = 0;
		};
		F80C3DC819DF7B0D00C160B5 /* Frameworks */ = {
			isa = PBXFrameworksBuildPhase;
			buildActionMask = 2147483647;
			files = (
			);
			runOnlyForDeploymentPostprocessing = 0;
		};
/* End PBXFrameworksBuildPhase section */

/* Begin PBXGroup section */
		F80C3DA919DF7B0D00C160B5 = {
			isa = PBXGroup;
			children = (
				F80C3DDC19DF7E9700C160B5 /* UIColor+Random.h */,
				F80C3DDF19DF82C300C160B5 /* PintorView.h */,
				F80C3DE019DF82C300C160B5 /* PintorView.m */,
				F80C3DDD19DF7E9700C160B5 /* UIColor+Random.m */,
				F80C3DDB19DF7C9C00C160B5 /* Constants.h */,
				F80C3DB419DF7B0D00C160B5 /* iPaint */,
				F80C3DCE19DF7B0D00C160B5 /* iPaintTests */,
				F80C3DB319DF7B0D00C160B5 /* Products */,
			);
			sourceTree = "<group>";
		};
		F80C3DB319DF7B0D00C160B5 /* Products */ = {
			isa = PBXGroup;
			children = (
				F80C3DB219DF7B0D00C160B5 /* iPaint.app */,
				F80C3DCB19DF7B0D00C160B5 /* iPaintTests.xctest */,
			);
			name = Products;
			sourceTree = "<group>";
		};
		F80C3DB419DF7B0D00C160B5 /* iPaint */ = {
			isa = PBXGroup;
			children = (
				F80C3DB919DF7B0D00C160B5 /* AppDelegate.h */,
				F80C3DBA19DF7B0D00C160B5 /* AppDelegate.m */,
				F80C3DBC19DF7B0D00C160B5 /* ViewController.h */,
				F80C3DBD19DF7B0D00C160B5 /* ViewController.m */,
				F80C3DBF19DF7B0D00C160B5 /* Main.storyboard */,
				F80C3DC219DF7B0D00C160B5 /* Images.xcassets */,
				F80C3DC419DF7B0D00C160B5 /* LaunchScreen.xib */,
				F80C3DB519DF7B0D00C160B5 /* Supporting Files */,
			);
			path = iPaint;
			sourceTree = "<group>";
		};
		F80C3DB519DF7B0D00C160B5 /* Supporting Files */ = {
			isa = PBXGroup;
			children = (
				F80C3DB619DF7B0D00C160B5 /* Info.plist */,
				F80C3DB719DF7B0D00C160B5 /* main.m */,
			);
			name = "Supporting Files";
			sourceTree = "<group>";
		};
		F80C3DCE19DF7B0D00C160B5 /* iPaintTests */ = {
			isa = PBXGroup;
			children = (
				F80C3DD119DF7B0D00C160B5 /* iPaintTests.m */,
				F80C3DCF19DF7B0D00C160B5 /* Supporting Files */,
			);
			path = iPaintTests;
			sourceTree = "<group>";
		};
		F80C3DCF19DF7B0D00C160B5 /* Supporting Files */ = {
			isa = PBXGroup;
			children = (
				F80C3DD019DF7B0D00C160B5 /* Info.plist */,
			);
			name = "Supporting Files";
			sourceTree = "<group>";
		};
/* End PBXGroup section */

/* Begin PBXNativeTarget section */
		F80C3DB119DF7B0D00C160B5 /* iPaint */ = {
			isa = PBXNativeTarget;
			buildConfigurationList = F80C3DD519DF7B0D00C160B5 /* Build configuration list for PBXNativeTarget "iPaint" */;
			buildPhases = (
				F80C3DAE19DF7B0D00C160B5 /* Sources */,
				F80C3DAF19DF7B0D00C160B5 /* Frameworks */,
				F80C3DB019DF7B0D00C160B5 /* Resources */,
			);
			buildRules = (
			);
			dependencies = (
			);
			name = iPaint;
			productName = iPaint;
			productReference = F80C3DB219DF7B0D00C160B5 /* iPaint.app */;
			productType = "com.apple.product-type.application";
		};
		F80C3DCA19DF7B0D00C160B5 /* iPaintTests */ = {
			isa = PBXNativeTarget;
			buildConfigurationList = F80C3DD819DF7B0D00C160B5 /* Build configuration list for PBXNativeTarget "iPaintTests" */;
			buildPhases = (
				F80C3DC719DF7B0D00C160B5 /* Sources */,
				F80C3DC819DF7B0D00C160B5 /* Frameworks */,
				F80C3DC919DF7B0D00C160B5 /* Resources */,
			);
			buildRules = (
			);
			dependencies = (
				F80C3DCD19DF7B0D00C160B5 /* PBXTargetDependency */,
			);
			name = iPaintTests;
			productName = iPaintTests;
			productReference = F80C3DCB19DF7B0D00C160B5 /* iPaintTests.xctest */;
			productType = "com.apple.product-type.bundle.unit-test";
		};
/* End PBXNativeTarget section */

/* Begin PBXProject section */
		F80C3DAA19DF7B0D00C160B5 /* Project object */ = {
			isa = PBXProject;
			attributes = {
				LastUpgradeCheck = 0610;
				ORGANIZATIONNAME = Profesor;
				TargetAttributes = {
					F80C3DB119DF7B0D00C160B5 = {
						CreatedOnToolsVersion = 6.1;
					};
					F80C3DCA19DF7B0D00C160B5 = {
						CreatedOnToolsVersion = 6.1;
						TestTargetID = F80C3DB119DF7B0D00C160B5;
					};
				};
			};
			buildConfigurationList = F80C3DAD19DF7B0D00C160B5 /* Build configuration list for PBXProject "iPaint" */;
			compatibilityVersion = "Xcode 3.2";
			developmentRegion = English;
			hasScannedForEncodings = 0;
			knownRegions = (
				en,
				Base,
			);
			mainGroup = F80C3DA919DF7B0D00C160B5;
			productRefGroup = F80C3DB319DF7B0D00C160B5 /* Products */;
			projectDirPath = "";
			projectRoot = "";
			targets = (
				F80C3DB119DF7B0D00C160B5 /* iPaint */,
				F80C3DCA19DF7B0D00C160B5 /* iPaintTests */,
			);
		};
/* End PBXProject section */

/* Begin PBXResourcesBuildPhase section */
		F80C3DB019DF7B0D00C160B5 /* Resources */ = {
			isa = PBXResourcesBuildPhase;
			buildActionMask = 2147483647;
			files = (
				F80C3DC119DF7B0D00C160B5 /* Main.storyboard in Resources */,
				F80C3DC619DF7B0D00C160B5 /* LaunchScreen.xib in Resources */,
				F80C3DC319DF7B0D00C160B5 /* Images.xcassets in Resources */,
			);
			runOnlyForDeploymentPostprocessing = 0;
		};
		F80C3DC919DF7B0D00C160B5 /* Resources */ = {
			isa = PBXResourcesBuildPhase;
			buildActionMask = 2147483647;
			files = (
			);
			runOnlyForDeploymentPostprocessing = 0;
		};
/* End PBXResourcesBuildPhase section */

/* Begin PBXSourcesBuildPhase section */
		F80C3DAE19DF7B0D00C160B5 /* Sources */ = {
			isa = PBXSourcesBuildPhase;
			buildActionMask = 2147483647;
			files = (
				F80C3DDE19DF7E9700C160B5 /* UIColor+Random.m in Sources */,
				F80C3DE119DF82C300C160B5 /* PintorView.m in Sources */,
				F80C3DBE19DF7B0D00C160B5 /* ViewController.m in Sources */,
				F80C3DBB19DF7B0D00C160B5 /* AppDelegate.m in Sources */,
				F80C3DB819DF7B0D00C160B5 /* main.m in Sources */,
			);
			runOnlyForDeploymentPostprocessing = 0;
		};
		F80C3DC719DF7B0D00C160B5 /* Sources */ = {
			isa = PBXSourcesBuildPhase;
			buildActionMask = 2147483647;
			files = (
				F80C3DD219DF7B0D00C160B5 /* iPaintTests.m in Sources */,
			);
			runOnlyForDeploymentPostprocessing = 0;
		};
/* End PBXSourcesBuildPhase section */

/* Begin PBXTargetDependency section */
		F80C3DCD19DF7B0D00C160B5 /* PBXTargetDependency */ = {
			isa = PBXTargetDependency;
			target = F80C3DB119DF7B0D00C160B5 /* iPaint */;
			targetProxy = F80C3DCC19DF7B0D00C160B5 /* PBXContainerItemProxy */;
		};
/* End PBXTargetDependency section */

/* Begin PBXVariantGroup section */
		F80C3DBF19DF7B0D00C160B5 /* Main.storyboard */ = {
			isa = PBXVariantGroup;
			children = (
				F80C3DC019DF7B0D00C160B5 /* Base */,
			);
			name = Main.storyboard;
			sourceTree = "<group>";
		};
		F80C3DC419DF7B0D00C160B5 /* LaunchScreen.xib */ = {
			isa = PBXVariantGroup;
			children = (
				F80C3DC519DF7B0D00C160B5 /* Base */,
			);
			name = LaunchScreen.xib;
			sourceTree = "<group>";
		};
/* End PBXVariantGroup section */

/* Begin XCBuildConfiguration section */
		F80C3DD319DF7B0D00C160B5 /* Debug */ = {
			isa = XCBuildConfiguration;
			buildSettings = {
				ALWAYS_SEARCH_USER_PATHS = NO;
				CLANG_CXX_LANGUAGE_STANDARD = "gnu++0x";
				CLANG_CXX_LIBRARY = "libc++";
				CLANG_ENABLE_MODULES = YES;
				CLANG_ENABLE_OBJC_ARC = YES;
				CLANG_WARN_BOOL_CONVERSION = YES;
				CLANG_WARN_CONSTANT_CONVERSION = YES;
				CLANG_WARN_DIRECT_OBJC_ISA_USAGE = YES_ERROR;
				CLANG_WARN_EMPTY_BODY = YES;
				CLANG_WARN_ENUM_CONVERSION = YES;
				CLANG_WARN_INT_CONVERSION = YES;
				CLANG_WARN_OBJC_ROOT_CLASS = YES_ERROR;
				CLANG_WARN_UNREACHABLE_CODE = YES;
				CLANG_WARN__DUPLICATE_METHOD_MATCH = YES;
				"CODE_SIGN_IDENTITY[sdk=iphoneos*]" = "iPhone Developer";
				COPY_PHASE_STRIP = NO;
				ENABLE_STRICT_OBJC_MSGSEND = YES;
				GCC_C_LANGUAGE_STANDARD = gnu99;
				GCC_DYNAMIC_NO_PIC = NO;
				GCC_OPTIMIZATION_LEVEL = 0;
				GCC_PREPROCESSOR_DEFINITIONS = (
					"DEBUG=1",
					"$(inherited)",
				);
				GCC_SYMBOLS_PRIVATE_EXTERN = NO;
				GCC_WARN_64_TO_32_BIT_CONVERSION = YES;
				GCC_WARN_ABOUT_RETURN_TYPE = YES_ERROR;
				GCC_WARN_UNDECLARED_SELECTOR = YES;
				GCC_WARN_UNINITIALIZED_AUTOS = YES_AGGRESSIVE;
				GCC_WARN_UNUSED_FUNCTION = YES;
				GCC_WARN_UNUSED_VARIABLE = YES;
				IPHONEOS_DEPLOYMENT_TARGET = 8.1;
				MTL_ENABLE_DEBUG_INFO = YES;
				ONLY_ACTIVE_ARCH = YES;
				SDKROOT = iphoneos;
			};
			name = Debug;
		};
		F80C3DD419DF7B0D00C160B5 /* Release */ = {
			isa = XCBuildConfiguration;
			buildSettings = {
				ALWAYS_SEARCH_USER_PATHS = NO;
				CLANG_CXX_LANGUAGE_STANDARD = "gnu++0x";
				CLANG_CXX_LIBRARY = "libc++";
				CLANG_ENABLE_MODULES = YES;
				CLANG_ENABLE_OBJC_ARC = YES;
				CLANG_WARN_BOOL_CONVERSION = YES;
				CLANG_WARN_CONSTANT_CONVERSION = YES;
				CLANG_WARN_DIRECT_OBJC_ISA_USAGE = YES_ERROR;
				CLANG_WARN_EMPTY_BODY = YES;
				CLANG_WARN_ENUM_CONVERSION = YES;
				CLANG_WARN_INT_CONVERSION = YES;
				CLANG_WARN_OBJC_ROOT_CLASS = YES_ERROR;
				CLANG_WARN_UNREACHABLE_CODE = YES;
				CLANG_WARN__DUPLICATE_METHOD_MATCH = YES;
				"CODE_SIGN_IDENTITY[sdk=iphoneos*]" = "iPhone Developer";
				COPY_PHASE_STRIP = YES;
				ENABLE_NS_ASSERTIONS = NO;
				ENABLE_STRICT_OBJC_MSGSEND = YES;
				GCC_C_LANGUAGE_STANDARD = gnu99;
				GCC_WARN_64_TO_32_BIT_CONVERSION = YES;
				GCC_WARN_ABOUT_RETURN_TYPE = YES_ERROR;
				GCC_WARN_UNDECLARED_SELECTOR = YES;
				GCC_WARN_UNINITIALIZED_AUTOS = YES_AGGRESSIVE;
				GCC_WARN_UNUSED_FUNCTION = YES;
				GCC_WARN_UNUSED_VARIABLE = YES;
				IPHONEOS_DEPLOYMENT_TARGET = 8.1;
				MTL_ENABLE_DEBUG_INFO = NO;
				SDKROOT = iphoneos;
				VALIDATE_PRODUCT = YES;
			};
			name = Release;
		};
		F80C3DD619DF7B0D00C160B5 /* Debug */ = {
			isa = XCBuildConfiguration;
			buildSettings = {
				ASSETCATALOG_COMPILER_APPICON_NAME = AppIcon;
				INFOPLIST_FILE = iPaint/Info.plist;
				IPHONEOS_DEPLOYMENT_TARGET = 7.1;
				LD_RUNPATH_SEARCH_PATHS = "$(inherited) @executable_path/Frameworks";
				PRODUCT_NAME = "$(TARGET_NAME)";
			};
			name = Debug;
		};
		F80C3DD719DF7B0D00C160B5 /* Release */ = {
			isa = XCBuildConfiguration;
			buildSettings = {
				ASSETCATALOG_COMPILER_APPICON_NAME = AppIcon;
				INFOPLIST_FILE = iPaint/Info.plist;
				IPHONEOS_DEPLOYMENT_TARGET = 7.1;
				LD_RUNPATH_SEARCH_PATHS = "$(inherited) @executable_path/Frameworks";
				PRODUCT_NAME = "$(TARGET_NAME)";
			};
			name = Release;
		};
		F80C3DD919DF7B0D00C160B5 /* Debug */ = {
			isa = XCBuildConfiguration;
			buildSettings = {
				BUNDLE_LOADER = "$(TEST_HOST)";
				FRAMEWORK_SEARCH_PATHS = (
					"$(SDKROOT)/Developer/Library/Frameworks",
					"$(inherited)",
				);
				GCC_PREPROCESSOR_DEFINITIONS = (
					"DEBUG=1",
					"$(inherited)",
				);
				INFOPLIST_FILE = iPaintTests/Info.plist;
				LD_RUNPATH_SEARCH_PATHS = "$(inherited) @executable_path/Frameworks @loader_path/Frameworks";
				PRODUCT_NAME = "$(TARGET_NAME)";
				TEST_HOST = "$(BUILT_PRODUCTS_DIR)/iPaint.app/iPaint";
			};
			name = Debug;
		};
		F80C3DDA19DF7B0D00C160B5 /* Release */ = {
			isa = XCBuildConfiguration;
			buildSettings = {
				BUNDLE_LOADER = "$(TEST_HOST)";
				FRAMEWORK_SEARCH_PATHS = (
					"$(SDKROOT)/Developer/Library/Frameworks",
					"$(inherited)",
				);
				INFOPLIST_FILE = iPaintTests/Info.plist;
				LD_RUNPATH_SEARCH_PATHS = "$(inherited) @executable_path/Frameworks @loader_path/Frameworks";
				PRODUCT_NAME = "$(TARGET_NAME)";
				TEST_HOST = "$(BUILT_PRODUCTS_DIR)/iPaint.app/iPaint";
			};
			name = Release;
		};
/* End XCBuildConfiguration section */

/* Begin XCConfigurationList section */
		F80C3DAD19DF7B0D00C160B5 /* Build configuration list for PBXProject "iPaint" */ = {
			isa = XCConfigurationList;
			buildConfigurations = (
				F80C3DD319DF7B0D00C160B5 /* Debug */,
				F80C3DD419DF7B0D00C160B5 /* Release */,
			);
			defaultConfigurationIsVisible = 0;
			defaultConfigurationName = Release;
		};
		F80C3DD519DF7B0D00C160B5 /* Build configuration list for PBXNativeTarget "iPaint" */ = {
			isa = XCConfigurationList;
			buildConfigurations = (
				F80C3DD619DF7B0D00C160B5 /* Debug */,
				F80C3DD719DF7B0D00C160B5 /* Release */,
			);
			defaultConfigurationIsVisible = 0;
		};
		F80C3DD819DF7B0D00C160B5 /* Build configuration list for PBXNativeTarget "iPaintTests" */ = {
			isa = XCConfigurationList;
			buildConfigurations = (
				F80C3DD919DF7B0D00C160B5 /* Debug */,
				F80C3DDA19DF7B0D00C160B5 /* Release */,
			);
			defaultConfigurationIsVisible = 0;
		};
/* End XCConfigurationList section */
	};
	rootObject = F80C3DAA19DF7B0D00C160B5 /* Project object */;
}
