// !$*UTF8*$!
{
	archiveVersion = 1;
	classes = {
	};
	objectVersion = 46;
	objects = {

/* Begin PBXBuildFile section */
		F8E80AEF19CCE35E005E6BDA /* main.m in Sources */ = {isa = PBXBuildFile; fileRef = F8E80AEE19CCE35E005E6BDA /* main.m */; };
		F8E80AF219CCE35E005E6BDA /* AppDelegate.m in Sources */ = {isa = PBXBuildFile; fileRef = F8E80AF119CCE35E005E6BDA /* AppDelegate.m */; };
		F8E80AF519CCE35E005E6BDA /* FirstViewController.m in Sources */ = {isa = PBXBuildFile; fileRef = F8E80AF419CCE35E005E6BDA /* FirstViewController.m */; };
		F8E80AF819CCE35E005E6BDA /* SecondViewController.m in Sources */ = {isa = PBXBuildFile; fileRef = F8E80AF719CCE35E005E6BDA /* SecondViewController.m */; };
		F8E80AFB19CCE35E005E6BDA /* Main.storyboard in Resources */ = {isa = PBXBuildFile; fileRef = F8E80AF919CCE35E005E6BDA /* Main.storyboard */; };
		F8E80AFD19CCE35E005E6BDA /* Images.xcassets in Resources */ = {isa = PBXBuildFile; fileRef = F8E80AFC19CCE35E005E6BDA /* Images.xcassets */; };
		F8E80B0019CCE35E005E6BDA /* LaunchScreen.xib in Resources */ = {isa = PBXBuildFile; fileRef = F8E80AFE19CCE35E005E6BDA /* LaunchScreen.xib */; };
		F8E80B0C19CCE35F005E6BDA /* Conversor_TemperaturaTests.m in Sources */ = {isa = PBXBuildFile; fileRef = F8E80B0B19CCE35F005E6BDA /* Conversor_TemperaturaTests.m */; };
		F8E80B1819CCE6D5005E6BDA /* imagen.gif in Resources */ = {isa = PBXBuildFile; fileRef = F8E80B1719CCE6D5005E6BDA /* imagen.gif */; };
		F8E80B1B19CCE8F2005E6BDA /* icon.png in Resources */ = {isa = PBXBuildFile; fileRef = F8E80B1919CCE8F2005E6BDA /* icon.png */; };
		F8E80B1C19CCE8F2005E6BDA /* icon@2x.png in Resources */ = {isa = PBXBuildFile; fileRef = F8E80B1A19CCE8F2005E6BDA /* icon@2x.png */; };
		F8E80B1F19CCEAA6005E6BDA /* temp_1.png in Resources */ = {isa = PBXBuildFile; fileRef = F8E80B1D19CCEAA6005E6BDA /* temp_1.png */; };
		F8E80B2019CCEAA6005E6BDA /* temp_1@2x.png in Resources */ = {isa = PBXBuildFile; fileRef = F8E80B1E19CCEAA6005E6BDA /* temp_1@2x.png */; };
		F8E80B2319CCF514005E6BDA /* ThirdViewController.m in Sources */ = {isa = PBXBuildFile; fileRef = F8E80B2219CCF514005E6BDA /* ThirdViewController.m */; };
		F8E80B2619CCF536005E6BDA /* FourthViewController.m in Sources */ = {isa = PBXBuildFile; fileRef = F8E80B2519CCF536005E6BDA /* FourthViewController.m */; };
		F8E80B2C19CCF5E4005E6BDA /* Convertidor.m in Sources */ = {isa = PBXBuildFile; fileRef = F8E80B2B19CCF5E4005E6BDA /* Convertidor.m */; };
/* End PBXBuildFile section */

/* Begin PBXContainerItemProxy section */
		F8E80B0619CCE35F005E6BDA /* PBXContainerItemProxy */ = {
			isa = PBXContainerItemProxy;
			containerPortal = F8E80AE119CCE35E005E6BDA /* Project object */;
			proxyType = 1;
			remoteGlobalIDString = F8E80AE819CCE35E005E6BDA;
			remoteInfo = "Conversor Temperatura";
		};
/* End PBXContainerItemProxy section */

/* Begin PBXFileReference section */
		F8E80AE919CCE35E005E6BDA /* Conversor Temperatura.app */ = {isa = PBXFileReference; explicitFileType = wrapper.application; includeInIndex = 0; path = "Conversor Temperatura.app"; sourceTree = BUILT_PRODUCTS_DIR; };
		F8E80AED19CCE35E005E6BDA /* Info.plist */ = {isa = PBXFileReference; lastKnownFileType = text.plist.xml; path = Info.plist; sourceTree = "<group>"; };
		F8E80AEE19CCE35E005E6BDA /* main.m */ = {isa = PBXFileReference; lastKnownFileType = sourcecode.c.objc; path = main.m; sourceTree = "<group>"; };
		F8E80AF019CCE35E005E6BDA /* AppDelegate.h */ = {isa = PBXFileReference; lastKnownFileType = sourcecode.c.h; path = AppDelegate.h; sourceTree = "<group>"; };
		F8E80AF119CCE35E005E6BDA /* AppDelegate.m */ = {isa = PBXFileReference; lastKnownFileType = sourcecode.c.objc; path = AppDelegate.m; sourceTree = "<group>"; };
		F8E80AF319CCE35E005E6BDA /* FirstViewController.h */ = {isa = PBXFileReference; lastKnownFileType = sourcecode.c.h; name = FirstViewController.h; path = "Conversor Temperatura/FirstViewController.h"; sourceTree = "<group>"; };
		F8E80AF419CCE35E005E6BDA /* FirstViewController.m */ = {isa = PBXFileReference; lastKnownFileType = sourcecode.c.objc; name = FirstViewController.m; path = "Conversor Temperatura/FirstViewController.m"; sourceTree = "<group>"; };
		F8E80AF619CCE35E005E6BDA /* SecondViewController.h */ = {isa = PBXFileReference; lastKnownFileType = sourcecode.c.h; name = SecondViewController.h; path = "Conversor Temperatura/SecondViewController.h"; sourceTree = "<group>"; };
		F8E80AF719CCE35E005E6BDA /* SecondViewController.m */ = {isa = PBXFileReference; lastKnownFileType = sourcecode.c.objc; name = SecondViewController.m; path = "Conversor Temperatura/SecondViewController.m"; sourceTree = "<group>"; };
		F8E80AFA19CCE35E005E6BDA /* Base */ = {isa = PBXFileReference; lastKnownFileType = file.storyboard; name = Base; path = Base.lproj/Main.storyboard; sourceTree = "<group>"; };
		F8E80AFC19CCE35E005E6BDA /* Images.xcassets */ = {isa = PBXFileReference; lastKnownFileType = folder.assetcatalog; path = Images.xcassets; sourceTree = "<group>"; };
		F8E80AFF19CCE35E005E6BDA /* Base */ = {isa = PBXFileReference; lastKnownFileType = file.xib; name = Base; path = Base.lproj/LaunchScreen.xib; sourceTree = "<group>"; };
		F8E80B0519CCE35F005E6BDA /* Conversor TemperaturaTests.xctest */ = {isa = PBXFileReference; explicitFileType = wrapper.cfbundle; includeInIndex = 0; path = "Conversor TemperaturaTests.xctest"; sourceTree = BUILT_PRODUCTS_DIR; };
		F8E80B0A19CCE35F005E6BDA /* Info.plist */ = {isa = PBXFileReference; lastKnownFileType = text.plist.xml; path = Info.plist; sourceTree = "<group>"; };
		F8E80B0B19CCE35F005E6BDA /* Conversor_TemperaturaTests.m */ = {isa = PBXFileReference; lastKnownFileType = sourcecode.c.objc; path = Conversor_TemperaturaTests.m; sourceTree = "<group>"; };
		F8E80B1719CCE6D5005E6BDA /* imagen.gif */ = {isa = PBXFileReference; lastKnownFileType = image.gif; path = imagen.gif; sourceTree = "<group>"; };
		F8E80B1919CCE8F2005E6BDA /* icon.png */ = {isa = PBXFileReference; lastKnownFileType = image.png; path = icon.png; sourceTree = "<group>"; };
		F8E80B1A19CCE8F2005E6BDA /* icon@2x.png */ = {isa = PBXFileReference; lastKnownFileType = image.png; path = "icon@2x.png"; sourceTree = "<group>"; };
		F8E80B1D19CCEAA6005E6BDA /* temp_1.png */ = {isa = PBXFileReference; lastKnownFileType = image.png; path = temp_1.png; sourceTree = "<group>"; };
		F8E80B1E19CCEAA6005E6BDA /* temp_1@2x.png */ = {isa = PBXFileReference; lastKnownFileType = image.png; path = "temp_1@2x.png"; sourceTree = "<group>"; };
		F8E80B2119CCF514005E6BDA /* ThirdViewController.h */ = {isa = PBXFileReference; fileEncoding = 4; lastKnownFileType = sourcecode.c.h; path = ThirdViewController.h; sourceTree = "<group>"; };
		F8E80B2219CCF514005E6BDA /* ThirdViewController.m */ = {isa = PBXFileReference; fileEncoding = 4; lastKnownFileType = sourcecode.c.objc; path = ThirdViewController.m; sourceTree = "<group>"; };
		F8E80B2419CCF536005E6BDA /* FourthViewController.h */ = {isa = PBXFileReference; fileEncoding = 4; lastKnownFileType = sourcecode.c.h; path = FourthViewController.h; sourceTree = "<group>"; };
		F8E80B2519CCF536005E6BDA /* FourthViewController.m */ = {isa = PBXFileReference; fileEncoding = 4; lastKnownFileType = sourcecode.c.objc; path = FourthViewController.m; sourceTree = "<group>"; };
		F8E80B2A19CCF5E4005E6BDA /* Convertidor.h */ = {isa = PBXFileReference; fileEncoding = 4; lastKnownFileType = sourcecode.c.h; path = Convertidor.h; sourceTree = "<group>"; };
		F8E80B2B19CCF5E4005E6BDA /* Convertidor.m */ = {isa = PBXFileReference; fileEncoding = 4; lastKnownFileType = sourcecode.c.objc; path = Convertidor.m; sourceTree = "<group>"; };
/* End PBXFileReference section */

/* Begin PBXFrameworksBuildPhase section */
		F8E80AE619CCE35E005E6BDA /* Frameworks */ = {
			isa = PBXFrameworksBuildPhase;
			buildActionMask = 2147483647;
			files = (
			);
			runOnlyForDeploymentPostprocessing = 0;
		};
		F8E80B0219CCE35F005E6BDA /* Frameworks */ = {
			isa = PBXFrameworksBuildPhase;
			buildActionMask = 2147483647;
			files = (
			);
			runOnlyForDeploymentPostprocessing = 0;
		};
/* End PBXFrameworksBuildPhase section */

/* Begin PBXGroup section */
		F8E80AE019CCE35E005E6BDA = {
			isa = PBXGroup;
			children = (
				F8E80AEB19CCE35E005E6BDA /* Conversor Temperatura */,
				F8E80B0819CCE35F005E6BDA /* Conversor TemperaturaTests */,
				F8E80AEA19CCE35E005E6BDA /* Products */,
			);
			sourceTree = "<group>";
		};
		F8E80AEA19CCE35E005E6BDA /* Products */ = {
			isa = PBXGroup;
			children = (
				F8E80AE919CCE35E005E6BDA /* Conversor Temperatura.app */,
				F8E80B0519CCE35F005E6BDA /* Conversor TemperaturaTests.xctest */,
			);
			name = Products;
			sourceTree = "<group>";
		};
		F8E80AEB19CCE35E005E6BDA /* Conversor Temperatura */ = {
			isa = PBXGroup;
			children = (
				F8E80B2919CCF590005E6BDA /* Imagenes */,
				F8E80B2D19CCF5E9005E6BDA /* Modelos */,
				F8E80B2819CCF56F005E6BDA /* Controladores */,
				F8E80AF019CCE35E005E6BDA /* AppDelegate.h */,
				F8E80AF119CCE35E005E6BDA /* AppDelegate.m */,
				F8E80AF919CCE35E005E6BDA /* Main.storyboard */,
				F8E80AFC19CCE35E005E6BDA /* Images.xcassets */,
				F8E80AFE19CCE35E005E6BDA /* LaunchScreen.xib */,
				F8E80AEC19CCE35E005E6BDA /* Supporting Files */,
			);
			path = "Conversor Temperatura";
			sourceTree = "<group>";
		};
		F8E80AEC19CCE35E005E6BDA /* Supporting Files */ = {
			isa = PBXGroup;
			children = (
				F8E80AED19CCE35E005E6BDA /* Info.plist */,
				F8E80AEE19CCE35E005E6BDA /* main.m */,
			);
			name = "Supporting Files";
			sourceTree = "<group>";
		};
		F8E80B0819CCE35F005E6BDA /* Conversor TemperaturaTests */ = {
			isa = PBXGroup;
			children = (
				F8E80B0B19CCE35F005E6BDA /* Conversor_TemperaturaTests.m */,
				F8E80B0919CCE35F005E6BDA /* Supporting Files */,
			);
			path = "Conversor TemperaturaTests";
			sourceTree = "<group>";
		};
		F8E80B0919CCE35F005E6BDA /* Supporting Files */ = {
			isa = PBXGroup;
			children = (
				F8E80B0A19CCE35F005E6BDA /* Info.plist */,
			);
			name = "Supporting Files";
			sourceTree = "<group>";
		};
		F8E80B2819CCF56F005E6BDA /* Controladores */ = {
			isa = PBXGroup;
			children = (
				F8E80AF319CCE35E005E6BDA /* FirstViewController.h */,
				F8E80AF419CCE35E005E6BDA /* FirstViewController.m */,
				F8E80AF619CCE35E005E6BDA /* SecondViewController.h */,
				F8E80AF719CCE35E005E6BDA /* SecondViewController.m */,
				F8E80B2119CCF514005E6BDA /* ThirdViewController.h */,
				F8E80B2219CCF514005E6BDA /* ThirdViewController.m */,
				F8E80B2419CCF536005E6BDA /* FourthViewController.h */,
				F8E80B2519CCF536005E6BDA /* FourthViewController.m */,
			);
			name = Controladores;
			path = ..;
			sourceTree = "<group>";
		};
		F8E80B2919CCF590005E6BDA /* Imagenes */ = {
			isa = PBXGroup;
			children = (
				F8E80B1D19CCEAA6005E6BDA /* temp_1.png */,
				F8E80B1E19CCEAA6005E6BDA /* temp_1@2x.png */,
				F8E80B1919CCE8F2005E6BDA /* icon.png */,
				F8E80B1A19CCE8F2005E6BDA /* icon@2x.png */,
				F8E80B1719CCE6D5005E6BDA /* imagen.gif */,
			);
			name = Imagenes;
			path = ..;
			sourceTree = "<group>";
		};
		F8E80B2D19CCF5E9005E6BDA /* Modelos */ = {
			isa = PBXGroup;
			children = (
				F8E80B2A19CCF5E4005E6BDA /* Convertidor.h */,
				F8E80B2B19CCF5E4005E6BDA /* Convertidor.m */,
			);
			name = Modelos;
			path = ..;
			sourceTree = "<group>";
		};
/* End PBXGroup section */

/* Begin PBXNativeTarget section */
		F8E80AE819CCE35E005E6BDA /* Conversor Temperatura */ = {
			isa = PBXNativeTarget;
			buildConfigurationList = F8E80B0F19CCE35F005E6BDA /* Build configuration list for PBXNativeTarget "Conversor Temperatura" */;
			buildPhases = (
				F8E80AE519CCE35E005E6BDA /* Sources */,
				F8E80AE619CCE35E005E6BDA /* Frameworks */,
				F8E80AE719CCE35E005E6BDA /* Resources */,
			);
			buildRules = (
			);
			dependencies = (
			);
			name = "Conversor Temperatura";
			productName = "Conversor Temperatura";
			productReference = F8E80AE919CCE35E005E6BDA /* Conversor Temperatura.app */;
			productType = "com.apple.product-type.application";
		};
		F8E80B0419CCE35F005E6BDA /* Conversor TemperaturaTests */ = {
			isa = PBXNativeTarget;
			buildConfigurationList = F8E80B1219CCE35F005E6BDA /* Build configuration list for PBXNativeTarget "Conversor TemperaturaTests" */;
			buildPhases = (
				F8E80B0119CCE35F005E6BDA /* Sources */,
				F8E80B0219CCE35F005E6BDA /* Frameworks */,
				F8E80B0319CCE35F005E6BDA /* Resources */,
			);
			buildRules = (
			);
			dependencies = (
				F8E80B0719CCE35F005E6BDA /* PBXTargetDependency */,
			);
			name = "Conversor TemperaturaTests";
			productName = "Conversor TemperaturaTests";
			productReference = F8E80B0519CCE35F005E6BDA /* Conversor TemperaturaTests.xctest */;
			productType = "com.apple.product-type.bundle.unit-test";
		};
/* End PBXNativeTarget section */

/* Begin PBXProject section */
		F8E80AE119CCE35E005E6BDA /* Project object */ = {
			isa = PBXProject;
			attributes = {
				LastUpgradeCheck = 0600;
				ORGANIZATIONNAME = Profesor;
				TargetAttributes = {
					F8E80AE819CCE35E005E6BDA = {
						CreatedOnToolsVersion = 6.0;
					};
					F8E80B0419CCE35F005E6BDA = {
						CreatedOnToolsVersion = 6.0;
						TestTargetID = F8E80AE819CCE35E005E6BDA;
					};
				};
			};
			buildConfigurationList = F8E80AE419CCE35E005E6BDA /* Build configuration list for PBXProject "Conversor Temperatura" */;
			compatibilityVersion = "Xcode 3.2";
			developmentRegion = English;
			hasScannedForEncodings = 0;
			knownRegions = (
				en,
				Base,
			);
			mainGroup = F8E80AE019CCE35E005E6BDA;
			productRefGroup = F8E80AEA19CCE35E005E6BDA /* Products */;
			projectDirPath = "";
			projectRoot = "";
			targets = (
				F8E80AE819CCE35E005E6BDA /* Conversor Temperatura */,
				F8E80B0419CCE35F005E6BDA /* Conversor TemperaturaTests */,
			);
		};
/* End PBXProject section */

/* Begin PBXResourcesBuildPhase section */
		F8E80AE719CCE35E005E6BDA /* Resources */ = {
			isa = PBXResourcesBuildPhase;
			buildActionMask = 2147483647;
			files = (
				F8E80B2019CCEAA6005E6BDA /* temp_1@2x.png in Resources */,
				F8E80B1F19CCEAA6005E6BDA /* temp_1.png in Resources */,
				F8E80AFB19CCE35E005E6BDA /* Main.storyboard in Resources */,
				F8E80B1B19CCE8F2005E6BDA /* icon.png in Resources */,
				F8E80B0019CCE35E005E6BDA /* LaunchScreen.xib in Resources */,
				F8E80AFD19CCE35E005E6BDA /* Images.xcassets in Resources */,
				F8E80B1819CCE6D5005E6BDA /* imagen.gif in Resources */,
				F8E80B1C19CCE8F2005E6BDA /* icon@2x.png in Resources */,
			);
			runOnlyForDeploymentPostprocessing = 0;
		};
		F8E80B0319CCE35F005E6BDA /* Resources */ = {
			isa = PBXResourcesBuildPhase;
			buildActionMask = 2147483647;
			files = (
			);
			runOnlyForDeploymentPostprocessing = 0;
		};
/* End PBXResourcesBuildPhase section */

/* Begin PBXSourcesBuildPhase section */
		F8E80AE519CCE35E005E6BDA /* Sources */ = {
			isa = PBXSourcesBuildPhase;
			buildActionMask = 2147483647;
			files = (
				F8E80B2619CCF536005E6BDA /* FourthViewController.m in Sources */,
				F8E80AF819CCE35E005E6BDA /* SecondViewController.m in Sources */,
				F8E80B2C19CCF5E4005E6BDA /* Convertidor.m in Sources */,
				F8E80B2319CCF514005E6BDA /* ThirdViewController.m in Sources */,
				F8E80AF219CCE35E005E6BDA /* AppDelegate.m in Sources */,
				F8E80AF519CCE35E005E6BDA /* FirstViewController.m in Sources */,
				F8E80AEF19CCE35E005E6BDA /* main.m in Sources */,
			);
			runOnlyForDeploymentPostprocessing = 0;
		};
		F8E80B0119CCE35F005E6BDA /* Sources */ = {
			isa = PBXSourcesBuildPhase;
			buildActionMask = 2147483647;
			files = (
				F8E80B0C19CCE35F005E6BDA /* Conversor_TemperaturaTests.m in Sources */,
			);
			runOnlyForDeploymentPostprocessing = 0;
		};
/* End PBXSourcesBuildPhase section */

/* Begin PBXTargetDependency section */
		F8E80B0719CCE35F005E6BDA /* PBXTargetDependency */ = {
			isa = PBXTargetDependency;
			target = F8E80AE819CCE35E005E6BDA /* Conversor Temperatura */;
			targetProxy = F8E80B0619CCE35F005E6BDA /* PBXContainerItemProxy */;
		};
/* End PBXTargetDependency section */

/* Begin PBXVariantGroup section */
		F8E80AF919CCE35E005E6BDA /* Main.storyboard */ = {
			isa = PBXVariantGroup;
			children = (
				F8E80AFA19CCE35E005E6BDA /* Base */,
			);
			name = Main.storyboard;
			sourceTree = "<group>";
		};
		F8E80AFE19CCE35E005E6BDA /* LaunchScreen.xib */ = {
			isa = PBXVariantGroup;
			children = (
				F8E80AFF19CCE35E005E6BDA /* Base */,
			);
			name = LaunchScreen.xib;
			sourceTree = "<group>";
		};
/* End PBXVariantGroup section */

/* Begin XCBuildConfiguration section */
		F8E80B0D19CCE35F005E6BDA /* Debug */ = {
			isa = XCBuildConfiguration;
			buildSettings = {
				ALWAYS_SEARCH_USER_PATHS = NO;
				CLANG_CXX_LANGUAGE_STANDARD = "gnu++0x";
				CLANG_CXX_LIBRARY = "libc++";
				CLANG_ENABLE_MODULES = YES;
				CLANG_ENABLE_OBJC_ARC = YES;
				CLANG_WARN_BOOL_CONVERSION = YES;
				CLANG_WARN_CONSTANT_CONVERSION = YES;
				CLANG_WARN_DIRECT_OBJC_ISA_USAGE = YES_ERROR;
				CLANG_WARN_EMPTY_BODY = YES;
				CLANG_WARN_ENUM_CONVERSION = YES;
				CLANG_WARN_INT_CONVERSION = YES;
				CLANG_WARN_OBJC_ROOT_CLASS = YES_ERROR;
				CLANG_WARN_UNREACHABLE_CODE = YES;
				CLANG_WARN__DUPLICATE_METHOD_MATCH = YES;
				"CODE_SIGN_IDENTITY[sdk=iphoneos*]" = "iPhone Developer";
				COPY_PHASE_STRIP = NO;
				ENABLE_STRICT_OBJC_MSGSEND = YES;
				GCC_C_LANGUAGE_STANDARD = gnu99;
				GCC_DYNAMIC_NO_PIC = NO;
				GCC_OPTIMIZATION_LEVEL = 0;
				GCC_PREPROCESSOR_DEFINITIONS = (
					"DEBUG=1",
					"$(inherited)",
				);
				GCC_SYMBOLS_PRIVATE_EXTERN = NO;
				GCC_WARN_64_TO_32_BIT_CONVERSION = YES;
				GCC_WARN_ABOUT_RETURN_TYPE = YES_ERROR;
				GCC_WARN_UNDECLARED_SELECTOR = YES;
				GCC_WARN_UNINITIALIZED_AUTOS = YES_AGGRESSIVE;
				GCC_WARN_UNUSED_FUNCTION = YES;
				GCC_WARN_UNUSED_VARIABLE = YES;
				IPHONEOS_DEPLOYMENT_TARGET = 8.0;
				MTL_ENABLE_DEBUG_INFO = YES;
				ONLY_ACTIVE_ARCH = YES;
				SDKROOT = iphoneos;
			};
			name = Debug;
		};
		F8E80B0E19CCE35F005E6BDA /* Release */ = {
			isa = XCBuildConfiguration;
			buildSettings = {
				ALWAYS_SEARCH_USER_PATHS = NO;
				CLANG_CXX_LANGUAGE_STANDARD = "gnu++0x";
				CLANG_CXX_LIBRARY = "libc++";
				CLANG_ENABLE_MODULES = YES;
				CLANG_ENABLE_OBJC_ARC = YES;
				CLANG_WARN_BOOL_CONVERSION = YES;
				CLANG_WARN_CONSTANT_CONVERSION = YES;
				CLANG_WARN_DIRECT_OBJC_ISA_USAGE = YES_ERROR;
				CLANG_WARN_EMPTY_BODY = YES;
				CLANG_WARN_ENUM_CONVERSION = YES;
				CLANG_WARN_INT_CONVERSION = YES;
				CLANG_WARN_OBJC_ROOT_CLASS = YES_ERROR;
				CLANG_WARN_UNREACHABLE_CODE = YES;
				CLANG_WARN__DUPLICATE_METHOD_MATCH = YES;
				"CODE_SIGN_IDENTITY[sdk=iphoneos*]" = "iPhone Developer";
				COPY_PHASE_STRIP = YES;
				ENABLE_NS_ASSERTIONS = NO;
				ENABLE_STRICT_OBJC_MSGSEND = YES;
				GCC_C_LANGUAGE_STANDARD = gnu99;
				GCC_WARN_64_TO_32_BIT_CONVERSION = YES;
				GCC_WARN_ABOUT_RETURN_TYPE = YES_ERROR;
				GCC_WARN_UNDECLARED_SELECTOR = YES;
				GCC_WARN_UNINITIALIZED_AUTOS = YES_AGGRESSIVE;
				GCC_WARN_UNUSED_FUNCTION = YES;
				GCC_WARN_UNUSED_VARIABLE = YES;
				IPHONEOS_DEPLOYMENT_TARGET = 8.0;
				MTL_ENABLE_DEBUG_INFO = NO;
				SDKROOT = iphoneos;
				VALIDATE_PRODUCT = YES;
			};
			name = Release;
		};
		F8E80B1019CCE35F005E6BDA /* Debug */ = {
			isa = XCBuildConfiguration;
			buildSettings = {
				ASSETCATALOG_COMPILER_APPICON_NAME = AppIcon;
				INFOPLIST_FILE = "Conversor Temperatura/Info.plist";
				IPHONEOS_DEPLOYMENT_TARGET = 7.1;
				LD_RUNPATH_SEARCH_PATHS = "$(inherited) @executable_path/Frameworks";
				PRODUCT_NAME = "$(TARGET_NAME)";
			};
			name = Debug;
		};
		F8E80B1119CCE35F005E6BDA /* Release */ = {
			isa = XCBuildConfiguration;
			buildSettings = {
				ASSETCATALOG_COMPILER_APPICON_NAME = AppIcon;
				INFOPLIST_FILE = "Conversor Temperatura/Info.plist";
				IPHONEOS_DEPLOYMENT_TARGET = 7.1;
				LD_RUNPATH_SEARCH_PATHS = "$(inherited) @executable_path/Frameworks";
				PRODUCT_NAME = "$(TARGET_NAME)";
			};
			name = Release;
		};
		F8E80B1319CCE35F005E6BDA /* Debug */ = {
			isa = XCBuildConfiguration;
			buildSettings = {
				BUNDLE_LOADER = "$(TEST_HOST)";
				FRAMEWORK_SEARCH_PATHS = (
					"$(SDKROOT)/Developer/Library/Frameworks",
					"$(inherited)",
				);
				GCC_PREPROCESSOR_DEFINITIONS = (
					"DEBUG=1",
					"$(inherited)",
				);
				INFOPLIST_FILE = "Conversor TemperaturaTests/Info.plist";
				LD_RUNPATH_SEARCH_PATHS = "$(inherited) @executable_path/Frameworks @loader_path/Frameworks";
				PRODUCT_NAME = "$(TARGET_NAME)";
				TEST_HOST = "$(BUILT_PRODUCTS_DIR)/Conversor Temperatura.app/Conversor Temperatura";
			};
			name = Debug;
		};
		F8E80B1419CCE35F005E6BDA /* Release */ = {
			isa = XCBuildConfiguration;
			buildSettings = {
				BUNDLE_LOADER = "$(TEST_HOST)";
				FRAMEWORK_SEARCH_PATHS = (
					"$(SDKROOT)/Developer/Library/Frameworks",
					"$(inherited)",
				);
				INFOPLIST_FILE = "Conversor TemperaturaTests/Info.plist";
				LD_RUNPATH_SEARCH_PATHS = "$(inherited) @executable_path/Frameworks @loader_path/Frameworks";
				PRODUCT_NAME = "$(TARGET_NAME)";
				TEST_HOST = "$(BUILT_PRODUCTS_DIR)/Conversor Temperatura.app/Conversor Temperatura";
			};
			name = Release;
		};
/* End XCBuildConfiguration section */

/* Begin XCConfigurationList section */
		F8E80AE419CCE35E005E6BDA /* Build configuration list for PBXProject "Conversor Temperatura" */ = {
			isa = XCConfigurationList;
			buildConfigurations = (
				F8E80B0D19CCE35F005E6BDA /* Debug */,
				F8E80B0E19CCE35F005E6BDA /* Release */,
			);
			defaultConfigurationIsVisible = 0;
			defaultConfigurationName = Release;
		};
		F8E80B0F19CCE35F005E6BDA /* Build configuration list for PBXNativeTarget "Conversor Temperatura" */ = {
			isa = XCConfigurationList;
			buildConfigurations = (
				F8E80B1019CCE35F005E6BDA /* Debug */,
				F8E80B1119CCE35F005E6BDA /* Release */,
			);
			defaultConfigurationIsVisible = 0;
		};
		F8E80B1219CCE35F005E6BDA /* Build configuration list for PBXNativeTarget "Conversor TemperaturaTests" */ = {
			isa = XCConfigurationList;
			buildConfigurations = (
				F8E80B1319CCE35F005E6BDA /* Debug */,
				F8E80B1419CCE35F005E6BDA /* Release */,
			);
			defaultConfigurationIsVisible = 0;
		};
/* End XCConfigurationList section */
	};
	rootObject = F8E80AE119CCE35E005E6BDA /* Project object */;
}
