// !$*UTF8*$!
{
	archiveVersion = 1;
	classes = {
	};
	objectVersion = 46;
	objects = {

/* Begin PBXBuildFile section */
		F8D7657319DCDEFD005A54E8 /* main.m in Sources */ = {isa = PBXBuildFile; fileRef = F8D7657219DCDEFD005A54E8 /* main.m */; };
		F8D7657619DCDEFD005A54E8 /* AppDelegate.m in Sources */ = {isa = PBXBuildFile; fileRef = F8D7657519DCDEFD005A54E8 /* AppDelegate.m */; };
		F8D7657919DCDEFD005A54E8 /* ViewController.m in Sources */ = {isa = PBXBuildFile; fileRef = F8D7657819DCDEFD005A54E8 /* ViewController.m */; };
		F8D7657C19DCDEFD005A54E8 /* Main.storyboard in Resources */ = {isa = PBXBuildFile; fileRef = F8D7657A19DCDEFD005A54E8 /* Main.storyboard */; };
		F8D7657E19DCDEFD005A54E8 /* Images.xcassets in Resources */ = {isa = PBXBuildFile; fileRef = F8D7657D19DCDEFD005A54E8 /* Images.xcassets */; };
		F8D7658119DCDEFD005A54E8 /* LaunchScreen.xib in Resources */ = {isa = PBXBuildFile; fileRef = F8D7657F19DCDEFD005A54E8 /* LaunchScreen.xib */; };
		F8D7658D19DCDEFD005A54E8 /* PickerTests.m in Sources */ = {isa = PBXBuildFile; fileRef = F8D7658C19DCDEFD005A54E8 /* PickerTests.m */; };
/* End PBXBuildFile section */

/* Begin PBXContainerItemProxy section */
		F8D7658719DCDEFD005A54E8 /* PBXContainerItemProxy */ = {
			isa = PBXContainerItemProxy;
			containerPortal = F8D7656519DCDEFC005A54E8 /* Project object */;
			proxyType = 1;
			remoteGlobalIDString = F8D7656C19DCDEFC005A54E8;
			remoteInfo = Picker;
		};
/* End PBXContainerItemProxy section */

/* Begin PBXFileReference section */
		F8D7656D19DCDEFD005A54E8 /* Picker.app */ = {isa = PBXFileReference; explicitFileType = wrapper.application; includeInIndex = 0; path = Picker.app; sourceTree = BUILT_PRODUCTS_DIR; };
		F8D7657119DCDEFD005A54E8 /* Info.plist */ = {isa = PBXFileReference; lastKnownFileType = text.plist.xml; path = Info.plist; sourceTree = "<group>"; };
		F8D7657219DCDEFD005A54E8 /* main.m */ = {isa = PBXFileReference; lastKnownFileType = sourcecode.c.objc; path = main.m; sourceTree = "<group>"; };
		F8D7657419DCDEFD005A54E8 /* AppDelegate.h */ = {isa = PBXFileReference; lastKnownFileType = sourcecode.c.h; path = AppDelegate.h; sourceTree = "<group>"; };
		F8D7657519DCDEFD005A54E8 /* AppDelegate.m */ = {isa = PBXFileReference; lastKnownFileType = sourcecode.c.objc; path = AppDelegate.m; sourceTree = "<group>"; };
		F8D7657719DCDEFD005A54E8 /* ViewController.h */ = {isa = PBXFileReference; lastKnownFileType = sourcecode.c.h; path = ViewController.h; sourceTree = "<group>"; };
		F8D7657819DCDEFD005A54E8 /* ViewController.m */ = {isa = PBXFileReference; lastKnownFileType = sourcecode.c.objc; path = ViewController.m; sourceTree = "<group>"; };
		F8D7657B19DCDEFD005A54E8 /* Base */ = {isa = PBXFileReference; lastKnownFileType = file.storyboard; name = Base; path = Base.lproj/Main.storyboard; sourceTree = "<group>"; };
		F8D7657D19DCDEFD005A54E8 /* Images.xcassets */ = {isa = PBXFileReference; lastKnownFileType = folder.assetcatalog; path = Images.xcassets; sourceTree = "<group>"; };
		F8D7658019DCDEFD005A54E8 /* Base */ = {isa = PBXFileReference; lastKnownFileType = file.xib; name = Base; path = Base.lproj/LaunchScreen.xib; sourceTree = "<group>"; };
		F8D7658619DCDEFD005A54E8 /* PickerTests.xctest */ = {isa = PBXFileReference; explicitFileType = wrapper.cfbundle; includeInIndex = 0; path = PickerTests.xctest; sourceTree = BUILT_PRODUCTS_DIR; };
		F8D7658B19DCDEFD005A54E8 /* Info.plist */ = {isa = PBXFileReference; lastKnownFileType = text.plist.xml; path = Info.plist; sourceTree = "<group>"; };
		F8D7658C19DCDEFD005A54E8 /* PickerTests.m */ = {isa = PBXFileReference; lastKnownFileType = sourcecode.c.objc; path = PickerTests.m; sourceTree = "<group>"; };
/* End PBXFileReference section */

/* Begin PBXFrameworksBuildPhase section */
		F8D7656A19DCDEFC005A54E8 /* Frameworks */ = {
			isa = PBXFrameworksBuildPhase;
			buildActionMask = 2147483647;
			files = (
			);
			runOnlyForDeploymentPostprocessing = 0;
		};
		F8D7658319DCDEFD005A54E8 /* Frameworks */ = {
			isa = PBXFrameworksBuildPhase;
			buildActionMask = 2147483647;
			files = (
			);
			runOnlyForDeploymentPostprocessing = 0;
		};
/* End PBXFrameworksBuildPhase section */

/* Begin PBXGroup section */
		F8D7656419DCDEFC005A54E8 = {
			isa = PBXGroup;
			children = (
				F8D7656F19DCDEFD005A54E8 /* Picker */,
				F8D7658919DCDEFD005A54E8 /* PickerTests */,
				F8D7656E19DCDEFD005A54E8 /* Products */,
			);
			sourceTree = "<group>";
		};
		F8D7656E19DCDEFD005A54E8 /* Products */ = {
			isa = PBXGroup;
			children = (
				F8D7656D19DCDEFD005A54E8 /* Picker.app */,
				F8D7658619DCDEFD005A54E8 /* PickerTests.xctest */,
			);
			name = Products;
			sourceTree = "<group>";
		};
		F8D7656F19DCDEFD005A54E8 /* Picker */ = {
			isa = PBXGroup;
			children = (
				F8D7657419DCDEFD005A54E8 /* AppDelegate.h */,
				F8D7657519DCDEFD005A54E8 /* AppDelegate.m */,
				F8D7657719DCDEFD005A54E8 /* ViewController.h */,
				F8D7657819DCDEFD005A54E8 /* ViewController.m */,
				F8D7657A19DCDEFD005A54E8 /* Main.storyboard */,
				F8D7657D19DCDEFD005A54E8 /* Images.xcassets */,
				F8D7657F19DCDEFD005A54E8 /* LaunchScreen.xib */,
				F8D7657019DCDEFD005A54E8 /* Supporting Files */,
			);
			path = Picker;
			sourceTree = "<group>";
		};
		F8D7657019DCDEFD005A54E8 /* Supporting Files */ = {
			isa = PBXGroup;
			children = (
				F8D7657119DCDEFD005A54E8 /* Info.plist */,
				F8D7657219DCDEFD005A54E8 /* main.m */,
			);
			name = "Supporting Files";
			sourceTree = "<group>";
		};
		F8D7658919DCDEFD005A54E8 /* PickerTests */ = {
			isa = PBXGroup;
			children = (
				F8D7658C19DCDEFD005A54E8 /* PickerTests.m */,
				F8D7658A19DCDEFD005A54E8 /* Supporting Files */,
			);
			path = PickerTests;
			sourceTree = "<group>";
		};
		F8D7658A19DCDEFD005A54E8 /* Supporting Files */ = {
			isa = PBXGroup;
			children = (
				F8D7658B19DCDEFD005A54E8 /* Info.plist */,
			);
			name = "Supporting Files";
			sourceTree = "<group>";
		};
/* End PBXGroup section */

/* Begin PBXNativeTarget section */
		F8D7656C19DCDEFC005A54E8 /* Picker */ = {
			isa = PBXNativeTarget;
			buildConfigurationList = F8D7659019DCDEFD005A54E8 /* Build configuration list for PBXNativeTarget "Picker" */;
			buildPhases = (
				F8D7656919DCDEFC005A54E8 /* Sources */,
				F8D7656A19DCDEFC005A54E8 /* Frameworks */,
				F8D7656B19DCDEFC005A54E8 /* Resources */,
			);
			buildRules = (
			);
			dependencies = (
			);
			name = Picker;
			productName = Picker;
			productReference = F8D7656D19DCDEFD005A54E8 /* Picker.app */;
			productType = "com.apple.product-type.application";
		};
		F8D7658519DCDEFD005A54E8 /* PickerTests */ = {
			isa = PBXNativeTarget;
			buildConfigurationList = F8D7659319DCDEFD005A54E8 /* Build configuration list for PBXNativeTarget "PickerTests" */;
			buildPhases = (
				F8D7658219DCDEFD005A54E8 /* Sources */,
				F8D7658319DCDEFD005A54E8 /* Frameworks */,
				F8D7658419DCDEFD005A54E8 /* Resources */,
			);
			buildRules = (
			);
			dependencies = (
				F8D7658819DCDEFD005A54E8 /* PBXTargetDependency */,
			);
			name = PickerTests;
			productName = PickerTests;
			productReference = F8D7658619DCDEFD005A54E8 /* PickerTests.xctest */;
			productType = "com.apple.product-type.bundle.unit-test";
		};
/* End PBXNativeTarget section */

/* Begin PBXProject section */
		F8D7656519DCDEFC005A54E8 /* Project object */ = {
			isa = PBXProject;
			attributes = {
				LastUpgradeCheck = 0600;
				ORGANIZATIONNAME = Profesor;
				TargetAttributes = {
					F8D7656C19DCDEFC005A54E8 = {
						CreatedOnToolsVersion = 6.0.1;
					};
					F8D7658519DCDEFD005A54E8 = {
						CreatedOnToolsVersion = 6.0.1;
						TestTargetID = F8D7656C19DCDEFC005A54E8;
					};
				};
			};
			buildConfigurationList = F8D7656819DCDEFC005A54E8 /* Build configuration list for PBXProject "Picker" */;
			compatibilityVersion = "Xcode 3.2";
			developmentRegion = English;
			hasScannedForEncodings = 0;
			knownRegions = (
				en,
				Base,
			);
			mainGroup = F8D7656419DCDEFC005A54E8;
			productRefGroup = F8D7656E19DCDEFD005A54E8 /* Products */;
			projectDirPath = "";
			projectRoot = "";
			targets = (
				F8D7656C19DCDEFC005A54E8 /* Picker */,
				F8D7658519DCDEFD005A54E8 /* PickerTests */,
			);
		};
/* End PBXProject section */

/* Begin PBXResourcesBuildPhase section */
		F8D7656B19DCDEFC005A54E8 /* Resources */ = {
			isa = PBXResourcesBuildPhase;
			buildActionMask = 2147483647;
			files = (
				F8D7657C19DCDEFD005A54E8 /* Main.storyboard in Resources */,
				F8D7658119DCDEFD005A54E8 /* LaunchScreen.xib in Resources */,
				F8D7657E19DCDEFD005A54E8 /* Images.xcassets in Resources */,
			);
			runOnlyForDeploymentPostprocessing = 0;
		};
		F8D7658419DCDEFD005A54E8 /* Resources */ = {
			isa = PBXResourcesBuildPhase;
			buildActionMask = 2147483647;
			files = (
			);
			runOnlyForDeploymentPostprocessing = 0;
		};
/* End PBXResourcesBuildPhase section */

/* Begin PBXSourcesBuildPhase section */
		F8D7656919DCDEFC005A54E8 /* Sources */ = {
			isa = PBXSourcesBuildPhase;
			buildActionMask = 2147483647;
			files = (
				F8D7657919DCDEFD005A54E8 /* ViewController.m in Sources */,
				F8D7657619DCDEFD005A54E8 /* AppDelegate.m in Sources */,
				F8D7657319DCDEFD005A54E8 /* main.m in Sources */,
			);
			runOnlyForDeploymentPostprocessing = 0;
		};
		F8D7658219DCDEFD005A54E8 /* Sources */ = {
			isa = PBXSourcesBuildPhase;
			buildActionMask = 2147483647;
			files = (
				F8D7658D19DCDEFD005A54E8 /* PickerTests.m in Sources */,
			);
			runOnlyForDeploymentPostprocessing = 0;
		};
/* End PBXSourcesBuildPhase section */

/* Begin PBXTargetDependency section */
		F8D7658819DCDEFD005A54E8 /* PBXTargetDependency */ = {
			isa = PBXTargetDependency;
			target = F8D7656C19DCDEFC005A54E8 /* Picker */;
			targetProxy = F8D7658719DCDEFD005A54E8 /* PBXContainerItemProxy */;
		};
/* End PBXTargetDependency section */

/* Begin PBXVariantGroup section */
		F8D7657A19DCDEFD005A54E8 /* Main.storyboard */ = {
			isa = PBXVariantGroup;
			children = (
				F8D7657B19DCDEFD005A54E8 /* Base */,
			);
			name = Main.storyboard;
			sourceTree = "<group>";
		};
		F8D7657F19DCDEFD005A54E8 /* LaunchScreen.xib */ = {
			isa = PBXVariantGroup;
			children = (
				F8D7658019DCDEFD005A54E8 /* Base */,
			);
			name = LaunchScreen.xib;
			sourceTree = "<group>";
		};
/* End PBXVariantGroup section */

/* Begin XCBuildConfiguration section */
		F8D7658E19DCDEFD005A54E8 /* Debug */ = {
			isa = XCBuildConfiguration;
			buildSettings = {
				ALWAYS_SEARCH_USER_PATHS = NO;
				CLANG_CXX_LANGUAGE_STANDARD = "gnu++0x";
				CLANG_CXX_LIBRARY = "libc++";
				CLANG_ENABLE_MODULES = YES;
				CLANG_ENABLE_OBJC_ARC = YES;
				CLANG_WARN_BOOL_CONVERSION = YES;
				CLANG_WARN_CONSTANT_CONVERSION = YES;
				CLANG_WARN_DIRECT_OBJC_ISA_USAGE = YES_ERROR;
				CLANG_WARN_EMPTY_BODY = YES;
				CLANG_WARN_ENUM_CONVERSION = YES;
				CLANG_WARN_INT_CONVERSION = YES;
				CLANG_WARN_OBJC_ROOT_CLASS = YES_ERROR;
				CLANG_WARN_UNREACHABLE_CODE = YES;
				CLANG_WARN__DUPLICATE_METHOD_MATCH = YES;
				"CODE_SIGN_IDENTITY[sdk=iphoneos*]" = "iPhone Developer";
				COPY_PHASE_STRIP = NO;
				ENABLE_STRICT_OBJC_MSGSEND = YES;
				GCC_C_LANGUAGE_STANDARD = gnu99;
				GCC_DYNAMIC_NO_PIC = NO;
				GCC_OPTIMIZATION_LEVEL = 0;
				GCC_PREPROCESSOR_DEFINITIONS = (
					"DEBUG=1",
					"$(inherited)",
				);
				GCC_SYMBOLS_PRIVATE_EXTERN = NO;
				GCC_WARN_64_TO_32_BIT_CONVERSION = YES;
				GCC_WARN_ABOUT_RETURN_TYPE = YES_ERROR;
				GCC_WARN_UNDECLARED_SELECTOR = YES;
				GCC_WARN_UNINITIALIZED_AUTOS = YES_AGGRESSIVE;
				GCC_WARN_UNUSED_FUNCTION = YES;
				GCC_WARN_UNUSED_VARIABLE = YES;
				IPHONEOS_DEPLOYMENT_TARGET = 8.0;
				MTL_ENABLE_DEBUG_INFO = YES;
				ONLY_ACTIVE_ARCH = YES;
				SDKROOT = iphoneos;
			};
			name = Debug;
		};
		F8D7658F19DCDEFD005A54E8 /* Release */ = {
			isa = XCBuildConfiguration;
			buildSettings = {
				ALWAYS_SEARCH_USER_PATHS = NO;
				CLANG_CXX_LANGUAGE_STANDARD = "gnu++0x";
				CLANG_CXX_LIBRARY = "libc++";
				CLANG_ENABLE_MODULES = YES;
				CLANG_ENABLE_OBJC_ARC = YES;
				CLANG_WARN_BOOL_CONVERSION = YES;
				CLANG_WARN_CONSTANT_CONVERSION = YES;
				CLANG_WARN_DIRECT_OBJC_ISA_USAGE = YES_ERROR;
				CLANG_WARN_EMPTY_BODY = YES;
				CLANG_WARN_ENUM_CONVERSION = YES;
				CLANG_WARN_INT_CONVERSION = YES;
				CLANG_WARN_OBJC_ROOT_CLASS = YES_ERROR;
				CLANG_WARN_UNREACHABLE_CODE = YES;
				CLANG_WARN__DUPLICATE_METHOD_MATCH = YES;
				"CODE_SIGN_IDENTITY[sdk=iphoneos*]" = "iPhone Developer";
				COPY_PHASE_STRIP = YES;
				ENABLE_NS_ASSERTIONS = NO;
				ENABLE_STRICT_OBJC_MSGSEND = YES;
				GCC_C_LANGUAGE_STANDARD = gnu99;
				GCC_WARN_64_TO_32_BIT_CONVERSION = YES;
				GCC_WARN_ABOUT_RETURN_TYPE = YES_ERROR;
				GCC_WARN_UNDECLARED_SELECTOR = YES;
				GCC_WARN_UNINITIALIZED_AUTOS = YES_AGGRESSIVE;
				GCC_WARN_UNUSED_FUNCTION = YES;
				GCC_WARN_UNUSED_VARIABLE = YES;
				IPHONEOS_DEPLOYMENT_TARGET = 8.0;
				MTL_ENABLE_DEBUG_INFO = NO;
				SDKROOT = iphoneos;
				VALIDATE_PRODUCT = YES;
			};
			name = Release;
		};
		F8D7659119DCDEFD005A54E8 /* Debug */ = {
			isa = XCBuildConfiguration;
			buildSettings = {
				ASSETCATALOG_COMPILER_APPICON_NAME = AppIcon;
				INFOPLIST_FILE = Picker/Info.plist;
				IPHONEOS_DEPLOYMENT_TARGET = 7.1;
				LD_RUNPATH_SEARCH_PATHS = "$(inherited) @executable_path/Frameworks";
				PRODUCT_NAME = "$(TARGET_NAME)";
			};
			name = Debug;
		};
		F8D7659219DCDEFD005A54E8 /* Release */ = {
			isa = XCBuildConfiguration;
			buildSettings = {
				ASSETCATALOG_COMPILER_APPICON_NAME = AppIcon;
				INFOPLIST_FILE = Picker/Info.plist;
				IPHONEOS_DEPLOYMENT_TARGET = 7.1;
				LD_RUNPATH_SEARCH_PATHS = "$(inherited) @executable_path/Frameworks";
				PRODUCT_NAME = "$(TARGET_NAME)";
			};
			name = Release;
		};
		F8D7659419DCDEFD005A54E8 /* Debug */ = {
			isa = XCBuildConfiguration;
			buildSettings = {
				BUNDLE_LOADER = "$(TEST_HOST)";
				FRAMEWORK_SEARCH_PATHS = (
					"$(SDKROOT)/Developer/Library/Frameworks",
					"$(inherited)",
				);
				GCC_PREPROCESSOR_DEFINITIONS = (
					"DEBUG=1",
					"$(inherited)",
				);
				INFOPLIST_FILE = PickerTests/Info.plist;
				LD_RUNPATH_SEARCH_PATHS = "$(inherited) @executable_path/Frameworks @loader_path/Frameworks";
				PRODUCT_NAME = "$(TARGET_NAME)";
				TEST_HOST = "$(BUILT_PRODUCTS_DIR)/Picker.app/Picker";
			};
			name = Debug;
		};
		F8D7659519DCDEFD005A54E8 /* Release */ = {
			isa = XCBuildConfiguration;
			buildSettings = {
				BUNDLE_LOADER = "$(TEST_HOST)";
				FRAMEWORK_SEARCH_PATHS = (
					"$(SDKROOT)/Developer/Library/Frameworks",
					"$(inherited)",
				);
				INFOPLIST_FILE = PickerTests/Info.plist;
				LD_RUNPATH_SEARCH_PATHS = "$(inherited) @executable_path/Frameworks @loader_path/Frameworks";
				PRODUCT_NAME = "$(TARGET_NAME)";
				TEST_HOST = "$(BUILT_PRODUCTS_DIR)/Picker.app/Picker";
			};
			name = Release;
		};
/* End XCBuildConfiguration section */

/* Begin XCConfigurationList section */
		F8D7656819DCDEFC005A54E8 /* Build configuration list for PBXProject "Picker" */ = {
			isa = XCConfigurationList;
			buildConfigurations = (
				F8D7658E19DCDEFD005A54E8 /* Debug */,
				F8D7658F19DCDEFD005A54E8 /* Release */,
			);
			defaultConfigurationIsVisible = 0;
			defaultConfigurationName = Release;
		};
		F8D7659019DCDEFD005A54E8 /* Build configuration list for PBXNativeTarget "Picker" */ = {
			isa = XCConfigurationList;
			buildConfigurations = (
				F8D7659119DCDEFD005A54E8 /* Debug */,
				F8D7659219DCDEFD005A54E8 /* Release */,
			);
			defaultConfigurationIsVisible = 0;
		};
		F8D7659319DCDEFD005A54E8 /* Build configuration list for PBXNativeTarget "PickerTests" */ = {
			isa = XCConfigurationList;
			buildConfigurations = (
				F8D7659419DCDEFD005A54E8 /* Debug */,
				F8D7659519DCDEFD005A54E8 /* Release */,
			);
			defaultConfigurationIsVisible = 0;
		};
/* End XCConfigurationList section */
	};
	rootObject = F8D7656519DCDEFC005A54E8 /* Project object */;
}
